<?xml version="1.0" encoding="utf-8"?>
<Project ToolsVersion="4.0" xmlns="http://schemas.microsoft.com/developer/msbuild/2003">
  <ItemGroup>
    <Filter Include="Source Files">
      <UniqueIdentifier>{b15384f7-7113-4475-bc8b-a550fbd3ae69}</UniqueIdentifier>
      <Extensions>cpp;c;cxx;def;odl;idl;hpj;bat;asm</Extensions>
    </Filter>
    <Filter Include="Header Files">
      <UniqueIdentifier>{cf31a499-d461-48d8-9312-6b75fdba1210}</UniqueIdentifier>
      <Extensions>h;hpp;hxx;hm;inl;inc</Extensions>
    </Filter>
    <Filter Include="Resource Files">
      <UniqueIdentifier>{f5eb7ebc-c1de-40bc-9401-3a64d8891a4d}</UniqueIdentifier>
      <Extensions>rc;ico;cur;bmp;dlg;rc2;rct;bin;rgs;jpg;jpeg;jpe;manifest</Extensions>
    </Filter>
    <Filter Include="Generated Files">
      <UniqueIdentifier>{20fafa37-d6e6-42bf-be99-cb1963c63e4e}</UniqueIdentifier>
    </Filter>
    <Filter Include="Resource Files\Bitmap Files">
      <UniqueIdentifier>{c3382bd1-e7b8-4db3-955a-0b76ae9d76e5}</UniqueIdentifier>
      <Extensions>*.bmp;*.png</Extensions>
    </Filter>
  </ItemGroup>
  <ItemGroup>
    <ClCompile Include="stdafx.cpp">
      <Filter>Source Files</Filter>
    </ClCompile>
    <ClCompile Include="RemoteScriptingEditor.cpp">
      <Filter>Source Files</Filter>
    </ClCompile>
    <ClCompile Include="MainFrame.cpp">
      <Filter>Source Files</Filter>
    </ClCompile>
    <ClCompile Include="LuaScriptEditorView.cpp">
      <Filter>Source Files</Filter>
    </ClCompile>
    <ClCompile Include="App.cpp">
      <Filter>Source Files</Filter>
    </ClCompile>
    <ClCompile Include="AboutDlg.cpp">
      <Filter>Source Files</Filter>
    </ClCompile>
    <ClCompile Include="AppSettings.cpp">
      <Filter>Source Files</Filter>
    </ClCompile>
  </ItemGroup>
  <ItemGroup>
    <ClInclude Include="stdafx.h">
      <Filter>Header Files</Filter>
    </ClInclude>
    <ClInclude Include="AboutDlg.hpp">
      <Filter>Header Files</Filter>
    </ClInclude>
    <ClInclude Include="MainFrame.hpp">
      <Filter>Header Files</Filter>
    </ClInclude>
    <ClInclude Include="LuaScriptEditorView.hpp">
      <Filter>Header Files</Filter>
    </ClInclude>
    <ClInclude Include="res\Ribbon.h">
      <Filter>Generated Files</Filter>
    </ClInclude>
    <ClInclude Include="App.hpp">
      <Filter>Header Files</Filter>
    </ClInclude>
    <ClInclude Include="resource.h">
      <Filter>Resource Files</Filter>
    </ClInclude>
    <ClInclude Include="OutputWindow.hpp">
      <Filter>Header Files</Filter>
    </ClInclude>
    <ClInclude Include="AppSettings.hpp">
      <Filter>Header Files</Filter>
    </ClInclude>
  </ItemGroup>
  <ItemGroup>
    <ResourceCompile Include="RemoteScriptingEditor.rc">
      <Filter>Resource Files</Filter>
    </ResourceCompile>
    <ResourceCompile Include="res\Ribbon.rc">
      <Filter>Generated Files</Filter>
    </ResourceCompile>
    <ResourceCompile Include="versioninfo.rc">
      <Filter>Resource Files</Filter>
    </ResourceCompile>
  </ItemGroup>
  <ItemGroup>
    <Image Include="res\RemoteScriptingEditor.ico">
      <Filter>Resource Files</Filter>
    </Image>
    <Image Include="res\app_exit.bmp">
      <Filter>Resource Files\Bitmap Files</Filter>
    </Image>
    <Image Include="res\edit_copy.bmp">
      <Filter>Resource Files\Bitmap Files</Filter>
    </Image>
    <Image Include="res\edit_cut.bmp">
      <Filter>Resource Files\Bitmap Files</Filter>
    </Image>
    <Image Include="res\edit_find.bmp">
      <Filter>Resource Files\Bitmap Files</Filter>
    </Image>
    <Image Include="res\edit_paste.bmp">
      <Filter>Resource Files\Bitmap Files</Filter>
    </Image>
    <Image Include="res\edit_redo.bmp">
      <Filter>Resource Files\Bitmap Files</Filter>
    </Image>
    <Image Include="res\edit_repeat.bmp">
      <Filter>Resource Files\Bitmap Files</Filter>
    </Image>
    <Image Include="res\edit_replace.bmp">
      <Filter>Resource Files\Bitmap Files</Filter>
    </Image>
    <Image Include="res\edit_select_all.bmp">
      <Filter>Resource Files\Bitmap Files</Filter>
    </Image>
    <Image Include="res\edit_undo.bmp">
      <Filter>Resource Files\Bitmap Files</Filter>
    </Image>
    <Image Include="res\file_open.bmp">
      <Filter>Resource Files\Bitmap Files</Filter>
    </Image>
    <Image Include="res\file_new.bmp">
      <Filter>Resource Files\Bitmap Files</Filter>
    </Image>
    <Image Include="res\file_save.bmp">
      <Filter>Resource Files\Bitmap Files</Filter>
    </Image>
    <Image Include="res\placeholder.bmp">
      <Filter>Resource Files\Bitmap Files</Filter>
    </Image>
    <Image Include="res\script_run.bmp">
      <Filter>Resource Files\Bitmap Files</Filter>
    </Image>
    <Image Include="res\script_stop.bmp">
      <Filter>Resource Files\Bitmap Files</Filter>
    </Image>
    <Image Include="res\toolbar.bmp">
      <Filter>Resource Files\Bitmap Files</Filter>
    </Image>
    <Image Include="res\view_output.bmp">
      <Filter>Resource Files\Bitmap Files</Filter>
    </Image>
    <Image Include="res\view_ribbon.bmp">
      <Filter>Resource Files\Bitmap Files</Filter>
    </Image>
  </ItemGroup>
  <ItemGroup>
    <CustomBuild Include="res\Ribbon.xml">
      <Filter>Resource Files</Filter>
    </CustomBuild>
  </ItemGroup>
  <ItemGroup>
    <None Include="res\Ribbon.bml">
      <Filter>Generated Files</Filter>
    </None>
    <None Include="res\edit_repeat.xcf">
      <Filter>Resource Files\Bitmap Files</Filter>
    </None>
    <None Include="res\edit_replace.xcf">
      <Filter>Resource Files\Bitmap Files</Filter>
    </None>
  </ItemGroup>
</Project>