<?xml version="1.0" encoding="utf-8"?>
<Project ToolsVersion="4.0" xmlns="http://schemas.microsoft.com/developer/msbuild/2003">
  <ItemGroup>
    <Filter Include="Source Files">
      <UniqueIdentifier>{4FC737F1-C7A5-4376-A066-2A32D752A2FF}</UniqueIdentifier>
      <Extensions>cpp;c;cc;cxx;def;odl;idl;hpj;bat;asm;asmx</Extensions>
    </Filter>
    <Filter Include="Header Files">
      <UniqueIdentifier>{93995380-89BD-4b04-88EB-625FBE52EBFB}</UniqueIdentifier>
      <Extensions>h;hh;hpp;hxx;hm;inl;inc;xsd</Extensions>
    </Filter>
    <Filter Include="Header Files\Serial Header Files">
      <UniqueIdentifier>{71f01d48-81e5-4d0b-9ec2-d7406df7164e}</UniqueIdentifier>
    </Filter>
    <Filter Include="Source Files\Serial Source Files">
      <UniqueIdentifier>{2c399a68-cf60-4279-909e-95f52665c8c8}</UniqueIdentifier>
    </Filter>
    <Filter Include="Header Files\GPS Header Files">
      <UniqueIdentifier>{e54ba288-ccad-4394-aa59-f511791eee81}</UniqueIdentifier>
    </Filter>
    <Filter Include="Source Files\GPS Source Files">
      <UniqueIdentifier>{280f5b97-7521-4d13-a2ee-8bec20fb5593}</UniqueIdentifier>
    </Filter>
    <Filter Include="Header Files\NMEA0183 Header Files">
      <UniqueIdentifier>{6886fc47-4a13-474a-a1ec-ef1504b7b259}</UniqueIdentifier>
    </Filter>
    <Filter Include="Source Files\NMEA0183 Source Files">
      <UniqueIdentifier>{072e908b-a279-443a-ba0f-9d05217c3bea}</UniqueIdentifier>
    </Filter>
  </ItemGroup>
  <ItemGroup>
    <ClInclude Include="stdafx.h">
      <Filter>Header Files</Filter>
    </ClInclude>
    <ClInclude Include="Serial\SerialPort.hpp">
      <Filter>Header Files\Serial Header Files</Filter>
    </ClInclude>
    <ClInclude Include="Serial\SerialPortConfig.hpp">
      <Filter>Header Files\Serial Header Files</Filter>
    </ClInclude>
    <ClInclude Include="Serial\SerialPortImpl.hpp">
      <Filter>Header Files\Serial Header Files</Filter>
    </ClInclude>
    <ClInclude Include="Serial\SerialPortInfo.hpp">
      <Filter>Header Files\Serial Header Files</Filter>
    </ClInclude>
    <ClInclude Include="Serial\SharedBuffer.hpp">
      <Filter>Header Files\Serial Header Files</Filter>
    </ClInclude>
    <ClInclude Include="GPS\SatelliteInfo.hpp">
      <Filter>Header Files\GPS Header Files</Filter>
    </ClInclude>
    <ClInclude Include="GPS\Coordinate.hpp">
      <Filter>Header Files\GPS Header Files</Filter>
    </ClInclude>
    <ClInclude Include="GPS\PositionInfo.hpp">
      <Filter>Header Files\GPS Header Files</Filter>
    </ClInclude>
    <ClInclude Include="GPS\Track.hpp">
      <Filter>Header Files\GPS Header Files</Filter>
    </ClInclude>
    <ClInclude Include="NMEA0183\Parser.hpp">
      <Filter>Header Files\NMEA0183 Header Files</Filter>
    </ClInclude>
    <ClInclude Include="NMEA0183\ParserException.hpp">
      <Filter>Header Files\NMEA0183 Header Files</Filter>
    </ClInclude>
    <ClInclude Include="NMEA0183\Common.hpp">
      <Filter>Header Files\NMEA0183 Header Files</Filter>
    </ClInclude>
    <ClInclude Include="NMEA0183\Data.hpp">
      <Filter>Header Files\NMEA0183 Header Files</Filter>
    </ClInclude>
    <ClInclude Include="NMEA0183\SentenceInfo.hpp">
      <Filter>Header Files\NMEA0183 Header Files</Filter>
    </ClInclude>
  </ItemGroup>
  <ItemGroup>
    <ClCompile Include="stdafx.cpp">
      <Filter>Source Files</Filter>
    </ClCompile>
    <ClCompile Include="Serial\SerialPort.cpp">
      <Filter>Source Files\Serial Source Files</Filter>
    </ClCompile>
    <ClCompile Include="Serial\SerialPortConfig.cpp">
      <Filter>Source Files\Serial Source Files</Filter>
    </ClCompile>
    <ClCompile Include="Serial\SerialPortEnum.cpp">
      <Filter>Source Files\Serial Source Files</Filter>
    </ClCompile>
    <ClCompile Include="GPS\Coordinate.cpp">
      <Filter>Source Files\GPS Source Files</Filter>
    </ClCompile>
    <ClCompile Include="GPS\Track.cpp">
      <Filter>Source Files\GPS Source Files</Filter>
    </ClCompile>
    <ClCompile Include="NMEA0183\Parser.cpp">
      <Filter>Source Files\NMEA0183 Source Files</Filter>
    </ClCompile>
    <ClCompile Include="NMEA0183\Data.cpp">
      <Filter>Source Files\NMEA0183 Source Files</Filter>
    </ClCompile>
    <ClCompile Include="NMEA0183\Common.cpp">
      <Filter>Source Files\NMEA0183 Source Files</Filter>
    </ClCompile>
    <ClCompile Include="NMEA0183\SentenceInfo.cpp">
      <Filter>Source Files\NMEA0183 Source Files</Filter>
    </ClCompile>
  </ItemGroup>
  <ItemGroup>
    <None Include="packages.config" />
  </ItemGroup>
</Project>