<?xml version="1.0" encoding="utf-8"?>
<Project ToolsVersion="4.0" xmlns="http://schemas.microsoft.com/developer/msbuild/2003">
  <ItemGroup>
    <Filter Include="Source Files">
      <UniqueIdentifier>{5b0b764b-f148-453d-90e1-2d29a92c15ee}</UniqueIdentifier>
      <Extensions>cpp;c;cxx;def;odl;idl;hpj;bat;asm</Extensions>
    </Filter>
    <Filter Include="Header Files">
      <UniqueIdentifier>{3d214fbe-1e93-47e6-855c-a09fb86a3bc2}</UniqueIdentifier>
      <Extensions>h;hpp;hxx;hm;inl;inc</Extensions>
    </Filter>
    <Filter Include="Resource Files">
      <UniqueIdentifier>{8d5da6d4-0ad8-4fe0-9924-e31b49fabc40}</UniqueIdentifier>
      <Extensions>rc;ico;cur;bmp;dlg;rc2;rct;bin;rgs;jpg;jpeg;jpe;manifest</Extensions>
    </Filter>
    <Filter Include="Resource Files\Generated Files">
      <UniqueIdentifier>{d4f0c279-45ae-4014-b570-cda493e68a9f}</UniqueIdentifier>
    </Filter>
  </ItemGroup>
  <ItemGroup>
    <ClCompile Include="AboutDlg.cpp">
      <Filter>Source Files</Filter>
    </ClCompile>
    <ClCompile Include="CameraInfoDlg.cpp">
      <Filter>Source Files</Filter>
    </ClCompile>
    <ClCompile Include="DevicePropertyView.cpp">
      <Filter>Source Files</Filter>
    </ClCompile>
    <ClCompile Include="HuginInterface.cpp">
      <Filter>Source Files</Filter>
    </ClCompile>
    <ClCompile Include="JpegMemoryReader.cpp">
      <Filter>Source Files</Filter>
    </ClCompile>
    <ClCompile Include="MainFrame.cpp">
      <Filter>Source Files</Filter>
    </ClCompile>
    <ClCompile Include="PhotomatixInterface.cpp">
      <Filter>Source Files</Filter>
    </ClCompile>
    <ClCompile Include="RemotePhotoTool.cpp">
      <Filter>Source Files</Filter>
    </ClCompile>
    <ClCompile Include="stdafx.cpp">
      <Filter>Source Files</Filter>
    </ClCompile>
    <ClCompile Include="ViewManager.cpp">
      <Filter>Source Files</Filter>
    </ClCompile>
    <ClCompile Include="ViewFinderImageWindow.cpp">
      <Filter>Source Files</Filter>
    </ClCompile>
    <ClCompile Include="StandardPhotoModeView.cpp">
      <Filter>Source Files</Filter>
    </ClCompile>
    <ClCompile Include="ConnectCameraDlg.cpp">
      <Filter>Source Files</Filter>
    </ClCompile>
    <ClCompile Include="SettingsDlg.cpp">
      <Filter>Source Files</Filter>
    </ClCompile>
    <ClCompile Include="ImagePropertyCombobox.cpp">
      <Filter>Source Files</Filter>
    </ClCompile>
    <ClCompile Include="ImagePropertyValueManager.cpp">
      <Filter>Source Files</Filter>
    </ClCompile>
    <ClCompile Include="ImagePropertyView.cpp">
      <Filter>Source Files</Filter>
    </ClCompile>
    <ClCompile Include="AppSettings.cpp">
      <Filter>Source Files</Filter>
    </ClCompile>
    <ClCompile Include="ImageFileManager.cpp">
      <Filter>Source Files</Filter>
    </ClCompile>
    <ClCompile Include="HDRPhotoModeView.cpp">
      <Filter>Source Files</Filter>
    </ClCompile>
    <ClCompile Include="PanoramaPhotoModeView.cpp">
      <Filter>Source Files</Filter>
    </ClCompile>
    <ClCompile Include="App.cpp">
      <Filter>Source Files</Filter>
    </ClCompile>
  </ItemGroup>
  <ItemGroup>
    <ClInclude Include="BlankView.hpp">
      <Filter>Header Files</Filter>
    </ClInclude>
    <ClInclude Include="CameraInfoDlg.hpp">
      <Filter>Header Files</Filter>
    </ClInclude>
    <ClInclude Include="DevicePropertyView.hpp">
      <Filter>Header Files</Filter>
    </ClInclude>
    <ClInclude Include="HuginInterface.hpp">
      <Filter>Header Files</Filter>
    </ClInclude>
    <ClInclude Include="Icons.hpp">
      <Filter>Header Files</Filter>
    </ClInclude>
    <ClInclude Include="JpegMemoryReader.hpp">
      <Filter>Header Files</Filter>
    </ClInclude>
    <ClInclude Include="PhotomatixInterface.hpp">
      <Filter>Header Files</Filter>
    </ClInclude>
    <ClInclude Include="stdafx.h">
      <Filter>Header Files</Filter>
    </ClInclude>
    <ClInclude Include="ViewManager.hpp">
      <Filter>Header Files</Filter>
    </ClInclude>
    <ClInclude Include="resource.h">
      <Filter>Resource Files</Filter>
    </ClInclude>
    <ClInclude Include="MainFrame.hpp">
      <Filter>Header Files</Filter>
    </ClInclude>
    <ClInclude Include="AboutDlg.hpp">
      <Filter>Header Files</Filter>
    </ClInclude>
    <ClInclude Include="IPhotoModeView.hpp">
      <Filter>Header Files</Filter>
    </ClInclude>
    <ClInclude Include="StandardPhotoModeView.hpp">
      <Filter>Header Files</Filter>
    </ClInclude>
    <ClInclude Include="IPhotoModeViewHost.hpp">
      <Filter>Header Files</Filter>
    </ClInclude>
    <ClInclude Include="ViewFinderImageWindow.hpp">
      <Filter>Header Files</Filter>
    </ClInclude>
    <ClInclude Include="CameraErrorDlg.hpp">
      <Filter>Header Files</Filter>
    </ClInclude>
    <ClInclude Include="ConnectCameraDlg.hpp">
      <Filter>Header Files</Filter>
    </ClInclude>
    <ClInclude Include="SettingsDlg.hpp">
      <Filter>Header Files</Filter>
    </ClInclude>
    <ClInclude Include="ImagePropertyCombobox.hpp">
      <Filter>Header Files</Filter>
    </ClInclude>
    <ClInclude Include="IImagePropertyControl.hpp">
      <Filter>Header Files</Filter>
    </ClInclude>
    <ClInclude Include="ImagePropertyValueManager.hpp">
      <Filter>Header Files</Filter>
    </ClInclude>
    <ClInclude Include="ImagePropertyView.hpp">
      <Filter>Header Files</Filter>
    </ClInclude>
    <ClInclude Include="AppSettings.hpp">
      <Filter>Header Files</Filter>
    </ClInclude>
    <ClInclude Include="JpegMemorySourceManager.hpp">
      <Filter>Header Files</Filter>
    </ClInclude>
    <ClInclude Include="JpegDecoder.hpp">
      <Filter>Header Files</Filter>
    </ClInclude>
    <ClInclude Include="ImageFileManager.hpp">
      <Filter>Header Files</Filter>
    </ClInclude>
    <ClInclude Include="res\MainFrameRibbon.h">
      <Filter>Resource Files\Generated Files</Filter>
    </ClInclude>
    <ClInclude Include="HDRPhotoModeView.hpp">
      <Filter>Header Files</Filter>
    </ClInclude>
    <ClInclude Include="PanoramaPhotoModeView.hpp">
      <Filter>Header Files</Filter>
    </ClInclude>
    <ClInclude Include="App.hpp">
      <Filter>Header Files</Filter>
    </ClInclude>
    <ClInclude Include="..\version.h">
      <Filter>Header Files</Filter>
    </ClInclude>
  </ItemGroup>
  <ItemGroup>
    <Image Include="res\RemotePhotoTool.ico">
      <Filter>Resource Files</Filter>
    </Image>
    <Image Include="res\toolbar.bmp">
      <Filter>Resource Files</Filter>
    </Image>
    <Image Include="res\toolbar_big.bmp">
      <Filter>Resource Files</Filter>
    </Image>
    <Image Include="res\icons.bmp">
      <Filter>Resource Files</Filter>
    </Image>
  </ItemGroup>
  <ItemGroup>
    <ResourceCompile Include="RemotePhotoTool.rc">
      <Filter>Resource Files</Filter>
    </ResourceCompile>
    <ResourceCompile Include="versioninfo.rc">
      <Filter>Resource Files</Filter>
    </ResourceCompile>
    <ResourceCompile Include="res\MainFrameRibbon.rc">
      <Filter>Resource Files\Generated Files</Filter>
    </ResourceCompile>
  </ItemGroup>
  <ItemGroup>
    <CustomBuild Include="res\MainFrameRibbon.xml">
      <Filter>Resource Files</Filter>
    </CustomBuild>
  </ItemGroup>
  <ItemGroup>
    <Text Include="..\..\TODO.txt" />
  </ItemGroup>
  <ItemGroup>
    <None Include="res\MainFrameRibbon.bml">
      <Filter>Resource Files\Generated Files</Filter>
    </None>
    <None Include="res\toolbar.xcf">
      <Filter>Resource Files</Filter>
    </None>
    <None Include="res\toolbar_big.xcf">
      <Filter>Resource Files</Filter>
    </None>
    <None Include="..\..\Changelog.md" />
    <None Include="..\..\README.md" />
    <None Include="..\..\License.md" />
    <None Include="..\..\TestCases.md" />
  </ItemGroup>
</Project>