<?xml version="1.0" encoding="utf-8"?>
<Project ToolsVersion="4.0" xmlns="http://schemas.microsoft.com/developer/msbuild/2003">
  <ItemGroup>
    <Filter Include="Source Files">
      <UniqueIdentifier>{5b0b764b-f148-453d-90e1-2d29a92c15ee}</UniqueIdentifier>
      <Extensions>cpp;c;cxx;def;odl;idl;hpj;bat;asm</Extensions>
    </Filter>
    <Filter Include="Header Files">
      <UniqueIdentifier>{3d214fbe-1e93-47e6-855c-a09fb86a3bc2}</UniqueIdentifier>
      <Extensions>h;hpp;hxx;hm;inl;inc</Extensions>
    </Filter>
    <Filter Include="Resource Files">
      <UniqueIdentifier>{8d5da6d4-0ad8-4fe0-9924-e31b49fabc40}</UniqueIdentifier>
      <Extensions>rc;ico;cur;bmp;dlg;rc2;rct;bin;rgs;jpg;jpeg;jpe;manifest</Extensions>
    </Filter>
    <Filter Include="Resource Files\Generated Files">
      <UniqueIdentifier>{d4f0c279-45ae-4014-b570-cda493e68a9f}</UniqueIdentifier>
    </Filter>
    <Filter Include="Photo Mode Files">
      <UniqueIdentifier>{afceb1f4-88b3-4766-bf68-13af894dc10d}</UniqueIdentifier>
    </Filter>
    <Filter Include="Photo Mode Files\Header Files">
      <UniqueIdentifier>{f10072d1-f62a-4beb-aaec-4bd69ee5d2f1}</UniqueIdentifier>
    </Filter>
    <Filter Include="Photo Mode Files\Source Files">
      <UniqueIdentifier>{24d370cc-c4da-44a2-acb8-54c29744c00e}</UniqueIdentifier>
    </Filter>
    <Filter Include="UI Files">
      <UniqueIdentifier>{f73f3bf8-b518-453f-8626-7f91ac7402db}</UniqueIdentifier>
    </Filter>
    <Filter Include="UI Files\Header Files">
      <UniqueIdentifier>{7e7bf856-b3ba-40ce-9b3c-23740ebf2234}</UniqueIdentifier>
    </Filter>
    <Filter Include="UI Files\Source Files">
      <UniqueIdentifier>{d39a5d87-cdd2-4d73-a375-c067ab92044d}</UniqueIdentifier>
    </Filter>
    <Filter Include="Resource Files\Bitmap Files">
      <UniqueIdentifier>{ad05fb7c-9996-479f-a167-56e42768bc31}</UniqueIdentifier>
      <Extensions>*.bmp;*.png</Extensions>
    </Filter>
  </ItemGroup>
  <ItemGroup>
    <ClCompile Include="RemotePhotoTool.cpp">
      <Filter>Source Files</Filter>
    </ClCompile>
    <ClCompile Include="stdafx.cpp">
      <Filter>Source Files</Filter>
    </ClCompile>
    <ClCompile Include="ViewManager.cpp">
      <Filter>Source Files</Filter>
    </ClCompile>
    <ClCompile Include="ImagePropertyValueManager.cpp">
      <Filter>Source Files</Filter>
    </ClCompile>
    <ClCompile Include="AppSettings.cpp">
      <Filter>Source Files</Filter>
    </ClCompile>
    <ClCompile Include="ImageFileManager.cpp">
      <Filter>Source Files</Filter>
    </ClCompile>
    <ClCompile Include="App.cpp">
      <Filter>Source Files</Filter>
    </ClCompile>
    <ClCompile Include="DevicePropertyView.cpp">
      <Filter>Photo Mode Files\Source Files</Filter>
    </ClCompile>
    <ClCompile Include="ImagePropertyView.cpp">
      <Filter>Photo Mode Files\Source Files</Filter>
    </ClCompile>
    <ClCompile Include="PanoramaPhotoModeView.cpp">
      <Filter>Photo Mode Files\Source Files</Filter>
    </ClCompile>
    <ClCompile Include="StandardPhotoModeView.cpp">
      <Filter>Photo Mode Files\Source Files</Filter>
    </ClCompile>
    <ClCompile Include="HDRPhotoModeView.cpp">
      <Filter>Photo Mode Files\Source Files</Filter>
    </ClCompile>
    <ClCompile Include="AboutDlg.cpp">
      <Filter>UI Files\Source Files</Filter>
    </ClCompile>
    <ClCompile Include="CameraInfoDlg.cpp">
      <Filter>UI Files\Source Files</Filter>
    </ClCompile>
    <ClCompile Include="ConnectCameraDlg.cpp">
      <Filter>UI Files\Source Files</Filter>
    </ClCompile>
    <ClCompile Include="ImagePropertyCombobox.cpp">
      <Filter>UI Files\Source Files</Filter>
    </ClCompile>
    <ClCompile Include="MainFrame.cpp">
      <Filter>UI Files\Source Files</Filter>
    </ClCompile>
    <ClCompile Include="SettingsDlg.cpp">
      <Filter>UI Files\Source Files</Filter>
    </ClCompile>
    <ClCompile Include="ViewFinderImageWindow.cpp">
      <Filter>UI Files\Source Files</Filter>
    </ClCompile>
    <ClCompile Include="ViewFinderView.cpp">
      <Filter>UI Files\Source Files</Filter>
    </ClCompile>
    <ClCompile Include="PhotoModeManager.cpp">
      <Filter>Source Files</Filter>
    </ClCompile>
    <ClCompile Include="HDRPanoramaPhotoModeView.cpp">
      <Filter>Photo Mode Files\Source Files</Filter>
    </ClCompile>
    <ClCompile Include="PhotoStackingPhotoModeView.cpp">
      <Filter>Photo Mode Files\Source Files</Filter>
    </ClCompile>
    <ClCompile Include="ScriptingPhotoModeView.cpp">
      <Filter>Photo Mode Files\Source Files</Filter>
    </ClCompile>
    <ClCompile Include="PreviousImagesView.cpp">
      <Filter>Photo Mode Files\Source Files</Filter>
    </ClCompile>
    <ClCompile Include="LuaScriptViewerView.cpp">
      <Filter>UI Files\Source Files</Filter>
    </ClCompile>
    <ClCompile Include="CameraConnectionManager.cpp">
      <Filter>Source Files</Filter>
    </ClCompile>
    <ClCompile Include="TimeLapsePhotoModeView.cpp">
      <Filter>Photo Mode Files\Source Files</Filter>
    </ClCompile>
    <ClCompile Include="CameraFileSystemView.cpp">
      <Filter>Photo Mode Files\Source Files</Filter>
    </ClCompile>
    <ClCompile Include="CameraFileSystemFileListView.cpp">
      <Filter>UI Files\Source Files</Filter>
    </ClCompile>
    <ClCompile Include="CameraFileSystemTreeView.cpp">
      <Filter>UI Files\Source Files</Filter>
    </ClCompile>
    <ClCompile Include="TimelapseVideoOptionsDlg.cpp">
      <Filter>UI Files\Source Files</Filter>
    </ClCompile>
    <ClCompile Include="SystemImageList.cpp">
      <Filter>Source Files</Filter>
    </ClCompile>
  </ItemGroup>
  <ItemGroup>
    <ClInclude Include="stdafx.h">
      <Filter>Header Files</Filter>
    </ClInclude>
    <ClInclude Include="ViewManager.hpp">
      <Filter>Header Files</Filter>
    </ClInclude>
    <ClInclude Include="resource.h">
      <Filter>Resource Files</Filter>
    </ClInclude>
    <ClInclude Include="IImagePropertyControl.hpp">
      <Filter>Header Files</Filter>
    </ClInclude>
    <ClInclude Include="ImagePropertyValueManager.hpp">
      <Filter>Header Files</Filter>
    </ClInclude>
    <ClInclude Include="AppSettings.hpp">
      <Filter>Header Files</Filter>
    </ClInclude>
    <ClInclude Include="ImageFileManager.hpp">
      <Filter>Header Files</Filter>
    </ClInclude>
    <ClInclude Include="res\MainFrameRibbon.h">
      <Filter>Resource Files\Generated Files</Filter>
    </ClInclude>
    <ClInclude Include="App.hpp">
      <Filter>Header Files</Filter>
    </ClInclude>
    <ClInclude Include="..\version.h">
      <Filter>Header Files</Filter>
    </ClInclude>
    <ClInclude Include="DevicePropertyView.hpp">
      <Filter>Photo Mode Files\Header Files</Filter>
    </ClInclude>
    <ClInclude Include="HDRPhotoModeView.hpp">
      <Filter>Photo Mode Files\Header Files</Filter>
    </ClInclude>
    <ClInclude Include="ImagePropertyView.hpp">
      <Filter>Photo Mode Files\Header Files</Filter>
    </ClInclude>
    <ClInclude Include="IPhotoModeView.hpp">
      <Filter>Photo Mode Files\Header Files</Filter>
    </ClInclude>
    <ClInclude Include="IPhotoModeViewHost.hpp">
      <Filter>Photo Mode Files\Header Files</Filter>
    </ClInclude>
    <ClInclude Include="PanoramaPhotoModeView.hpp">
      <Filter>Photo Mode Files\Header Files</Filter>
    </ClInclude>
    <ClInclude Include="StandardPhotoModeView.hpp">
      <Filter>Photo Mode Files\Header Files</Filter>
    </ClInclude>
    <ClInclude Include="MainFrame.hpp">
      <Filter>UI Files\Header Files</Filter>
    </ClInclude>
    <ClInclude Include="SettingsDlg.hpp">
      <Filter>UI Files\Header Files</Filter>
    </ClInclude>
    <ClInclude Include="ViewFinderImageWindow.hpp">
      <Filter>UI Files\Header Files</Filter>
    </ClInclude>
    <ClInclude Include="ViewFinderView.hpp">
      <Filter>UI Files\Header Files</Filter>
    </ClInclude>
    <ClInclude Include="Icons.hpp">
      <Filter>UI Files\Header Files</Filter>
    </ClInclude>
    <ClInclude Include="ConnectCameraDlg.hpp">
      <Filter>UI Files\Header Files</Filter>
    </ClInclude>
    <ClInclude Include="CameraInfoDlg.hpp">
      <Filter>UI Files\Header Files</Filter>
    </ClInclude>
    <ClInclude Include="CameraErrorDlg.hpp">
      <Filter>UI Files\Header Files</Filter>
    </ClInclude>
    <ClInclude Include="BlankView.hpp">
      <Filter>UI Files\Header Files</Filter>
    </ClInclude>
    <ClInclude Include="AboutDlg.hpp">
      <Filter>UI Files\Header Files</Filter>
    </ClInclude>
    <ClInclude Include="ImagePropertyCombobox.hpp">
      <Filter>UI Files\Header Files</Filter>
    </ClInclude>
    <ClInclude Include="PhotoModeManager.hpp">
      <Filter>Header Files</Filter>
    </ClInclude>
    <ClInclude Include="HDRPanoramaPhotoModeView.hpp">
      <Filter>Photo Mode Files\Header Files</Filter>
    </ClInclude>
    <ClInclude Include="ScriptingPhotoModeView.hpp">
      <Filter>Photo Mode Files\Header Files</Filter>
    </ClInclude>
    <ClInclude Include="PhotoStackingPhotoModeView.hpp">
      <Filter>Photo Mode Files\Header Files</Filter>
    </ClInclude>
    <ClInclude Include="PreviousImagesView.hpp">
      <Filter>Photo Mode Files\Header Files</Filter>
    </ClInclude>
    <ClInclude Include="LuaScriptViewerView.hpp">
      <Filter>UI Files\Header Files</Filter>
    </ClInclude>
    <ClInclude Include="ImagePropertyRibbonCombobox.hpp">
      <Filter>UI Files\Header Files</Filter>
    </ClInclude>
    <ClInclude Include="WindowMessages.hpp">
      <Filter>UI Files\Header Files</Filter>
    </ClInclude>
    <ClInclude Include="WindowPlacement.hpp">
      <Filter>UI Files\Header Files</Filter>
    </ClInclude>
    <ClInclude Include="CameraConnectionManager.hpp">
      <Filter>Header Files</Filter>
    </ClInclude>
    <ClInclude Include="TimeLapsePhotoModeView.hpp">
      <Filter>Photo Mode Files\Header Files</Filter>
    </ClInclude>
    <ClInclude Include="CameraFileSystemView.hpp">
      <Filter>Photo Mode Files\Header Files</Filter>
    </ClInclude>
    <ClInclude Include="CameraFileSystemTreeView.hpp">
      <Filter>UI Files\Header Files</Filter>
    </ClInclude>
    <ClInclude Include="CameraFileSystemFileListView.hpp">
      <Filter>UI Files\Header Files</Filter>
    </ClInclude>
    <ClInclude Include="TimelapseVideoOptionsDlg.hpp">
      <Filter>UI Files\Header Files</Filter>
    </ClInclude>
    <ClInclude Include="SystemImageList.hpp">
      <Filter>Header Files</Filter>
    </ClInclude>
  </ItemGroup>
  <ItemGroup>
    <Image Include="res\RemotePhotoTool.ico">
      <Filter>Resource Files</Filter>
    </Image>
    <Image Include="res\app_exit.bmp">
      <Filter>Resource Files\Bitmap Files</Filter>
    </Image>
    <Image Include="res\bigicons.bmp">
      <Filter>Resource Files\Bitmap Files</Filter>
    </Image>
    <Image Include="res\home_connect.bmp">
      <Filter>Resource Files\Bitmap Files</Filter>
    </Image>
    <Image Include="res\home_settings.bmp">
      <Filter>Resource Files\Bitmap Files</Filter>
    </Image>
    <Image Include="res\icons.bmp">
      <Filter>Resource Files\Bitmap Files</Filter>
    </Image>
    <Image Include="res\photomode_device_properties.bmp">
      <Filter>Resource Files\Bitmap Files</Filter>
    </Image>
    <Image Include="res\photomode_image_properties.bmp">
      <Filter>Resource Files\Bitmap Files</Filter>
    </Image>
    <Image Include="res\photomode_scripting.bmp">
      <Filter>Resource Files\Bitmap Files</Filter>
    </Image>
    <Image Include="res\placeholder.bmp">
      <Filter>Resource Files\Bitmap Files</Filter>
    </Image>
    <Image Include="res\prev_images_edit.bmp">
      <Filter>Resource Files\Bitmap Files</Filter>
    </Image>
    <Image Include="res\prev_images_exit.bmp">
      <Filter>Resource Files\Bitmap Files</Filter>
    </Image>
    <Image Include="res\prev_images_next.bmp">
      <Filter>Resource Files\Bitmap Files</Filter>
    </Image>
    <Image Include="res\prev_images_open_folder.bmp">
      <Filter>Resource Files\Bitmap Files</Filter>
    </Image>
    <Image Include="res\prev_images_prev.bmp">
      <Filter>Resource Files\Bitmap Files</Filter>
    </Image>
    <Image Include="res\prev_images_show.bmp">
      <Filter>Resource Files\Bitmap Files</Filter>
    </Image>
    <Image Include="res\scripting_edit.bmp">
      <Filter>Resource Files\Bitmap Files</Filter>
    </Image>
    <Image Include="res\scripting_open.bmp">
      <Filter>Resource Files\Bitmap Files</Filter>
    </Image>
    <Image Include="res\scripting_reload.bmp">
      <Filter>Resource Files\Bitmap Files</Filter>
    </Image>
    <Image Include="res\scripting_run.bmp">
      <Filter>Resource Files\Bitmap Files</Filter>
    </Image>
    <Image Include="res\scripting_stop.bmp">
      <Filter>Resource Files\Bitmap Files</Filter>
    </Image>
    <Image Include="res\toolbar.bmp">
      <Filter>Resource Files\Bitmap Files</Filter>
    </Image>
    <Image Include="res\toolbar_big.bmp">
      <Filter>Resource Files\Bitmap Files</Filter>
    </Image>
    <Image Include="res\view_ribbon.bmp">
      <Filter>Resource Files\Bitmap Files</Filter>
    </Image>
    <Image Include="res\viewfinder_show.bmp">
      <Filter>Resource Files\Bitmap Files</Filter>
    </Image>
    <Image Include="res\camera_release.bmp">
      <Filter>Resource Files</Filter>
    </Image>
    <Image Include="res\viewfinder_auto_focus.bmp">
      <Filter>Resource Files</Filter>
    </Image>
    <Image Include="res\viewfinder_auto_wb.bmp">
      <Filter>Resource Files</Filter>
    </Image>
    <Image Include="res\viewfinder_zoom_in.bmp">
      <Filter>Resource Files</Filter>
    </Image>
    <Image Include="res\viewfinder_zoom_out.bmp">
      <Filter>Resource Files</Filter>
    </Image>
  </ItemGroup>
  <ItemGroup>
    <ResourceCompile Include="RemotePhotoTool.rc">
      <Filter>Resource Files</Filter>
    </ResourceCompile>
    <ResourceCompile Include="versioninfo.rc">
      <Filter>Resource Files</Filter>
    </ResourceCompile>
    <ResourceCompile Include="res\MainFrameRibbon.rc">
      <Filter>Resource Files\Generated Files</Filter>
    </ResourceCompile>
  </ItemGroup>
  <ItemGroup>
    <CustomBuild Include="res\MainFrameRibbon.xml">
      <Filter>Resource Files</Filter>
    </CustomBuild>
  </ItemGroup>
  <ItemGroup>
    <None Include="res\MainFrameRibbon.bml">
      <Filter>Resource Files\Generated Files</Filter>
    </None>
    <None Include="res\toolbar.xcf">
      <Filter>Resource Files\Bitmap Files</Filter>
    </None>
    <None Include="res\toolbar_big.xcf">
      <Filter>Resource Files\Bitmap Files</Filter>
    </None>
    <None Include="packages.config" />
  </ItemGroup>
</Project>