<?xml version="1.0" encoding="utf-8"?>
<Project ToolsVersion="4.0" xmlns="http://schemas.microsoft.com/developer/msbuild/2003">
  <ItemGroup>
    <Filter Include="Source Files">
      <UniqueIdentifier>{4FC737F1-C7A5-4376-A066-2A32D752A2FF}</UniqueIdentifier>
      <Extensions>cpp;c;cc;cxx;def;odl;idl;hpj;bat;asm;asmx</Extensions>
    </Filter>
    <Filter Include="Exported Header Files">
      <UniqueIdentifier>{93995380-89BD-4b04-88EB-625FBE52EBFB}</UniqueIdentifier>
      <Extensions>h;hpp;hxx;hm;inl;inc;xsd</Extensions>
    </Filter>
    <Filter Include="Header Files">
      <UniqueIdentifier>{eef9149d-5006-413a-8410-b647f61f22dd}</UniqueIdentifier>
    </Filter>
    <Filter Include="PSREC Files">
      <UniqueIdentifier>{f8d623e8-aa47-44af-b945-2991eaf96612}</UniqueIdentifier>
    </Filter>
    <Filter Include="EDSDK Files">
      <UniqueIdentifier>{269bb8d1-7a4c-4cf6-b1a0-ca6129d899d6}</UniqueIdentifier>
    </Filter>
    <Filter Include="CDSDK Files">
      <UniqueIdentifier>{69cad25e-8709-46c0-996d-16daa3183d6f}</UniqueIdentifier>
    </Filter>
    <Filter Include="EDSDK Files\SDK Files">
      <UniqueIdentifier>{81857b3b-68d0-4039-8cdf-4851f3bdda2c}</UniqueIdentifier>
    </Filter>
    <Filter Include="PSREC Files\SDK Files">
      <UniqueIdentifier>{99d447fc-bddd-4b13-b2de-11d77b6dd99b}</UniqueIdentifier>
    </Filter>
    <Filter Include="CDSDK Files\SDK Files">
      <UniqueIdentifier>{3a4140a5-486c-43b2-b516-e932e3d54b0a}</UniqueIdentifier>
    </Filter>
    <Filter Include="GPhoto2 Files">
      <UniqueIdentifier>{ffbda97f-5566-4577-be2c-0403704f759f}</UniqueIdentifier>
    </Filter>
    <Filter Include="WIA Files">
      <UniqueIdentifier>{1cf0c2b6-905e-4408-88c5-acc3da85522b}</UniqueIdentifier>
    </Filter>
  </ItemGroup>
  <ItemGroup>
    <ClCompile Include="DeviceProperty.cpp">
      <Filter>Source Files</Filter>
    </ClCompile>
    <ClCompile Include="ImageProperty.cpp">
      <Filter>Source Files</Filter>
    </ClCompile>
    <ClCompile Include="stdafx.cpp">
      <Filter>Source Files</Filter>
    </ClCompile>
    <ClCompile Include="Variant.cpp">
      <Filter>Source Files</Filter>
    </ClCompile>
    <ClCompile Include="CDSDK\CdsdkCommon.cpp">
      <Filter>CDSDK Files</Filter>
    </ClCompile>
    <ClCompile Include="PSREC\PsrecCommon.cpp">
      <Filter>PSREC Files</Filter>
    </ClCompile>
    <ClCompile Include="EDSDK\EdsdkCommon.cpp">
      <Filter>EDSDK Files</Filter>
    </ClCompile>
    <ClCompile Include="PSREC\PsrecRemoteReleaseControlImpl.cpp">
      <Filter>PSREC Files</Filter>
    </ClCompile>
    <ClCompile Include="PSREC\PsrecPropertyAccess.cpp">
      <Filter>PSREC Files</Filter>
    </ClCompile>
    <ClCompile Include="EDSDK\EdsdkRemoteReleaseControlImpl.cpp">
      <Filter>EDSDK Files</Filter>
    </ClCompile>
    <ClCompile Include="EDSDK\EdsdkPropertyAccess.cpp">
      <Filter>EDSDK Files</Filter>
    </ClCompile>
    <ClCompile Include="EDSDK\EdsdkViewfinderImpl.cpp">
      <Filter>EDSDK Files</Filter>
    </ClCompile>
    <ClCompile Include="ShutterSpeedValue.cpp">
      <Filter>Source Files</Filter>
    </ClCompile>
    <ClCompile Include="Instance.cpp">
      <Filter>Source Files</Filter>
    </ClCompile>
    <ClCompile Include="CommonPropertyAccess.cpp">
      <Filter>Source Files</Filter>
    </ClCompile>
    <ClCompile Include="ImageFormat.cpp">
      <Filter>Source Files</Filter>
    </ClCompile>
    <ClCompile Include="CDSDK\CdsdkDevicePropertyAccess.cpp">
      <Filter>CDSDK Files</Filter>
    </ClCompile>
    <ClCompile Include="CDSDK\CdsdkImagePropertyAccess.cpp">
      <Filter>CDSDK Files</Filter>
    </ClCompile>
    <ClCompile Include="CDSDK\CdsdkRemoteReleaseControlImpl.cpp">
      <Filter>CDSDK Files</Filter>
    </ClCompile>
    <ClCompile Include="ErrorText.cpp">
      <Filter>Source Files</Filter>
    </ClCompile>
    <ClCompile Include="AsyncReleaseControlThread.cpp">
      <Filter>Source Files</Filter>
    </ClCompile>
    <ClCompile Include="EDSDK\EdsdkShutterCounterReader.cpp">
      <Filter>EDSDK Files</Filter>
    </ClCompile>
    <ClCompile Include="gPhoto2\GPhoto2Common.cpp">
      <Filter>GPhoto2 Files</Filter>
    </ClCompile>
    <ClCompile Include="gPhoto2\GPhoto2SourceInfoImpl.cpp">
      <Filter>GPhoto2 Files</Filter>
    </ClCompile>
    <ClCompile Include="gPhoto2\GPhoto2SourceDeviceImpl.cpp">
      <Filter>GPhoto2 Files</Filter>
    </ClCompile>
    <ClCompile Include="gPhoto2\GPhoto2RemoteReleaseControlImpl.cpp">
      <Filter>GPhoto2 Files</Filter>
    </ClCompile>
    <ClCompile Include="gPhoto2\GPhoto2PropertyAccess.cpp">
      <Filter>GPhoto2 Files</Filter>
    </ClCompile>
    <ClCompile Include="EDSDK\EdsdkCameraFileSystemImpl.cpp">
      <Filter>EDSDK Files</Filter>
    </ClCompile>
    <ClCompile Include="WIA\WiaCommon.cpp">
      <Filter>WIA Files</Filter>
    </ClCompile>
    <ClCompile Include="WIA\WiaSourceDeviceImpl.cpp">
      <Filter>WIA Files</Filter>
    </ClCompile>
    <ClCompile Include="WIA\WiaCameraFileSystemImpl.cpp">
      <Filter>WIA Files</Filter>
    </ClCompile>
    <ClCompile Include="WIA\WiaPropertyAccess.cpp">
      <Filter>WIA Files</Filter>
    </ClCompile>
    <ClCompile Include="WIA\WiaRemoteReleaseControlImpl.cpp">
      <Filter>WIA Files</Filter>
    </ClCompile>
    <ClCompile Include="gPhoto2\Gphoto2CameraFileSystemImpl.cpp">
      <Filter>GPhoto2 Files</Filter>
    </ClCompile>
  </ItemGroup>
  <ItemGroup>
    <ClInclude Include="exports\BulbReleaseControl.hpp">
      <Filter>Exported Header Files</Filter>
    </ClInclude>
    <ClInclude Include="exports\CameraException.hpp">
      <Filter>Exported Header Files</Filter>
    </ClInclude>
    <ClInclude Include="exports\DeviceProperty.hpp">
      <Filter>Exported Header Files</Filter>
    </ClInclude>
    <ClInclude Include="exports\ImageProperty.hpp">
      <Filter>Exported Header Files</Filter>
    </ClInclude>
    <ClInclude Include="exports\ImplFwd.hpp">
      <Filter>Exported Header Files</Filter>
    </ClInclude>
    <ClInclude Include="exports\RemoteReleaseControl.hpp">
      <Filter>Exported Header Files</Filter>
    </ClInclude>
    <ClInclude Include="exports\SourceDevice.hpp">
      <Filter>Exported Header Files</Filter>
    </ClInclude>
    <ClInclude Include="exports\SourceInfo.hpp">
      <Filter>Exported Header Files</Filter>
    </ClInclude>
    <ClInclude Include="exports\Variant.hpp">
      <Filter>Exported Header Files</Filter>
    </ClInclude>
    <ClInclude Include="exports\Viewfinder.hpp">
      <Filter>Exported Header Files</Filter>
    </ClInclude>
    <ClInclude Include="stdafx.h">
      <Filter>Header Files</Filter>
    </ClInclude>
    <ClInclude Include="CDSDK\CdsdkCommon.hpp">
      <Filter>CDSDK Files</Filter>
    </ClInclude>
    <ClInclude Include="CDSDK\CdsdkRemoteReleaseControlImpl.hpp">
      <Filter>CDSDK Files</Filter>
    </ClInclude>
    <ClInclude Include="CDSDK\CdsdkSourceDeviceImpl.hpp">
      <Filter>CDSDK Files</Filter>
    </ClInclude>
    <ClInclude Include="CDSDK\CdsdkSourceInfoImpl.hpp">
      <Filter>CDSDK Files</Filter>
    </ClInclude>
    <ClInclude Include="CDSDK\CdsdkViewfinderImpl.hpp">
      <Filter>CDSDK Files</Filter>
    </ClInclude>
    <ClInclude Include="EDSDK\EdsdkBulbReleaseControlImpl.hpp">
      <Filter>EDSDK Files</Filter>
    </ClInclude>
    <ClInclude Include="EDSDK\EdsdkCommon.hpp">
      <Filter>EDSDK Files</Filter>
    </ClInclude>
    <ClInclude Include="EDSDK\EdsdkPropertyAccess.hpp">
      <Filter>EDSDK Files</Filter>
    </ClInclude>
    <ClInclude Include="EDSDK\EdsdkRemoteReleaseControlImpl.hpp">
      <Filter>EDSDK Files</Filter>
    </ClInclude>
    <ClInclude Include="EDSDK\EdsdkSourceDeviceImpl.hpp">
      <Filter>EDSDK Files</Filter>
    </ClInclude>
    <ClInclude Include="EDSDK\EdsdkSourceInfoImpl.hpp">
      <Filter>EDSDK Files</Filter>
    </ClInclude>
    <ClInclude Include="EDSDK\EdsdkViewfinderImpl.hpp">
      <Filter>EDSDK Files</Filter>
    </ClInclude>
    <ClInclude Include="PSREC\PsrecCommon.hpp">
      <Filter>PSREC Files</Filter>
    </ClInclude>
    <ClInclude Include="PSREC\PsrecPropertyAccess.hpp">
      <Filter>PSREC Files</Filter>
    </ClInclude>
    <ClInclude Include="PSREC\PsrecRemoteReleaseControlImpl.hpp">
      <Filter>PSREC Files</Filter>
    </ClInclude>
    <ClInclude Include="PSREC\PsrecSourceDeviceImpl.hpp">
      <Filter>PSREC Files</Filter>
    </ClInclude>
    <ClInclude Include="PSREC\PsrecSourceInfoImpl.hpp">
      <Filter>PSREC Files</Filter>
    </ClInclude>
    <ClInclude Include="PSREC\PsrecVarDataParser.hpp">
      <Filter>PSREC Files</Filter>
    </ClInclude>
    <ClInclude Include="PSREC\PsrecViewfinderImpl.hpp">
      <Filter>PSREC Files</Filter>
    </ClInclude>
    <ClInclude Include="exports\ShutterReleaseSettings.hpp">
      <Filter>Exported Header Files</Filter>
    </ClInclude>
    <ClInclude Include="PSREC\PsrecDeviceInfo.hpp">
      <Filter>PSREC Files</Filter>
    </ClInclude>
    <ClInclude Include="BackgroundWorkerThread.hpp">
      <Filter>Header Files</Filter>
    </ClInclude>
    <ClInclude Include="exports\ShutterSpeedValue.hpp">
      <Filter>Exported Header Files</Filter>
    </ClInclude>
    <ClInclude Include="exports\Instance.hpp">
      <Filter>Exported Header Files</Filter>
    </ClInclude>
    <ClInclude Include="CommonPropertyAccess.hpp">
      <Filter>Header Files</Filter>
    </ClInclude>
    <ClInclude Include="exports\ShootingMode.hpp">
      <Filter>Exported Header Files</Filter>
    </ClInclude>
    <ClInclude Include="..\Thirdparty\EDSDK\Header\EDSDK.h">
      <Filter>EDSDK Files\SDK Files</Filter>
    </ClInclude>
    <ClInclude Include="..\Thirdparty\EDSDK\Header\EDSDKErrors.h">
      <Filter>EDSDK Files\SDK Files</Filter>
    </ClInclude>
    <ClInclude Include="..\Thirdparty\EDSDK\Header\EDSDKTypes.h">
      <Filter>EDSDK Files\SDK Files</Filter>
    </ClInclude>
    <ClInclude Include="..\Thirdparty\PSREC\PSReCSDK\inc\prAPI.h">
      <Filter>PSREC Files\SDK Files</Filter>
    </ClInclude>
    <ClInclude Include="..\Thirdparty\PSREC\PSReCSDK\inc\prError.h">
      <Filter>PSREC Files\SDK Files</Filter>
    </ClInclude>
    <ClInclude Include="..\Thirdparty\PSREC\PSReCSDK\inc\prFuncType.h">
      <Filter>PSREC Files\SDK Files</Filter>
    </ClInclude>
    <ClInclude Include="..\Thirdparty\PSREC\PSReCSDK\inc\prType.h">
      <Filter>PSREC Files\SDK Files</Filter>
    </ClInclude>
    <ClInclude Include="..\Thirdparty\CDSDK\inc\cdAPI.h">
      <Filter>CDSDK Files\SDK Files</Filter>
    </ClInclude>
    <ClInclude Include="..\Thirdparty\CDSDK\inc\cdError.h">
      <Filter>CDSDK Files\SDK Files</Filter>
    </ClInclude>
    <ClInclude Include="..\Thirdparty\CDSDK\inc\cdEvent.h">
      <Filter>CDSDK Files\SDK Files</Filter>
    </ClInclude>
    <ClInclude Include="..\Thirdparty\CDSDK\inc\cdFncTyp.h">
      <Filter>CDSDK Files\SDK Files</Filter>
    </ClInclude>
    <ClInclude Include="..\Thirdparty\CDSDK\inc\cdType.h">
      <Filter>CDSDK Files\SDK Files</Filter>
    </ClInclude>
    <ClInclude Include="BackgroundTimer.hpp">
      <Filter>Header Files</Filter>
    </ClInclude>
    <ClInclude Include="CDSDK\CdsdkDevicePropertyAccess.hpp">
      <Filter>CDSDK Files</Filter>
    </ClInclude>
    <ClInclude Include="CDSDK\CdsdkImagePropertyAccess.hpp">
      <Filter>CDSDK Files</Filter>
    </ClInclude>
    <ClInclude Include="ErrorText.hpp">
      <Filter>Exported Header Files</Filter>
    </ClInclude>
    <ClInclude Include="AsyncReleaseControlThread.hpp">
      <Filter>Header Files</Filter>
    </ClInclude>
    <ClInclude Include="EDSDK\EdsdkShutterCounterReader.hpp">
      <Filter>EDSDK Files</Filter>
    </ClInclude>
    <ClInclude Include="gPhoto2\GPhoto2Common.hpp">
      <Filter>GPhoto2 Files</Filter>
    </ClInclude>
    <ClInclude Include="gPhoto2\GPhoto2SourceInfoImpl.hpp">
      <Filter>GPhoto2 Files</Filter>
    </ClInclude>
    <ClInclude Include="gPhoto2\GPhoto2SourceDeviceImpl.hpp">
      <Filter>GPhoto2 Files</Filter>
    </ClInclude>
    <ClInclude Include="gPhoto2\GPhoto2RemoteReleaseControlImpl.hpp">
      <Filter>GPhoto2 Files</Filter>
    </ClInclude>
    <ClInclude Include="gPhoto2\GPhoto2PropertyAccess.hpp">
      <Filter>GPhoto2 Files</Filter>
    </ClInclude>
    <ClInclude Include="gPhoto2\GPhoto2Include.hpp">
      <Filter>GPhoto2 Files</Filter>
    </ClInclude>
    <ClInclude Include="exports\ImageFormat.hpp">
      <Filter>Exported Header Files</Filter>
    </ClInclude>
    <ClInclude Include="PsrecCameraEventData.hpp">
      <Filter>PSREC Files</Filter>
    </ClInclude>
    <ClInclude Include="exports\CameraFileSystem.hpp">
      <Filter>Exported Header Files</Filter>
    </ClInclude>
    <ClInclude Include="EDSDK\EdsdkCameraFileSystemImpl.hpp">
      <Filter>EDSDK Files</Filter>
    </ClInclude>
    <ClInclude Include="WIA\WiaCommon.hpp">
      <Filter>WIA Files</Filter>
    </ClInclude>
    <ClInclude Include="WIA\WiaSourceInfoImpl.hpp">
      <Filter>WIA Files</Filter>
    </ClInclude>
    <ClInclude Include="WIA\WiaSourceDeviceImpl.hpp">
      <Filter>WIA Files</Filter>
    </ClInclude>
    <ClInclude Include="WIA\WiaCameraFileSystemImpl.hpp">
      <Filter>WIA Files</Filter>
    </ClInclude>
    <ClInclude Include="WIA\WiaPropertyAccess.hpp">
      <Filter>WIA Files</Filter>
    </ClInclude>
    <ClInclude Include="SdkReferenceBase.hpp">
      <Filter>Exported Header Files</Filter>
    </ClInclude>
    <ClInclude Include="WIA\WiaRemoteReleaseControlImpl.hpp">
      <Filter>WIA Files</Filter>
    </ClInclude>
    <ClInclude Include="gPhoto2\Gphoto2CameraFileSystemImpl.hpp">
      <Filter>GPhoto2 Files</Filter>
    </ClInclude>
  </ItemGroup>
  <ItemGroup>
    <None Include="..\Thirdparty\CDSDK\Doc\CDSDK73UserGuide.doc">
      <Filter>CDSDK Files\SDK Files</Filter>
    </None>
    <None Include="..\Thirdparty\CDSDK\Doc\CDSDK73UserGuide.pdf">
      <Filter>CDSDK Files\SDK Files</Filter>
    </None>
    <None Include="..\Thirdparty\EDSDK\Document\EDSDK_API.pdf">
      <Filter>EDSDK Files\SDK Files</Filter>
    </None>
    <None Include="..\Thirdparty\PSREC\Doc\PSReCSDK110eUserGuide.doc">
      <Filter>PSREC Files\SDK Files</Filter>
    </None>
    <None Include="..\Thirdparty\PSREC\Doc\PSReCSDK110eUserGuide.pdf">
      <Filter>PSREC Files\SDK Files</Filter>
    </None>
    <None Include="packages.config" />
  </ItemGroup>
</Project>