
Microsoft Visual Studio Solution File, Format Version 12.00
# Visual Studio Express 2012 for Windows Desktop
Project("{8BC9CEB8-8B4A-11D0-8D11-00A0C91BC942}") = "RemotePhotoTool", "RemotePhotoTool\RemotePhotoTool.vcxproj", "{CDEDF8B5-A808-4995-97EB-1289A84FF7ED}"
	ProjectSection(ProjectDependencies) = postProject
		{F6F15874-951D-4B12-8136-AC27FE6E1215} = {F6F15874-951D-4B12-8136-AC27FE6E1215}
		{3AB1BB98-D491-47DB-8D93-1DAB3CE88C87} = {3AB1BB98-D491-47DB-8D93-1DAB3CE88C87}
	EndProjectSection
EndProject
Project("{8BC9CEB8-8B4A-11D0-8D11-00A0C91BC942}") = "CanonControl", "CanonControl\CanonControl.vcxproj", "{CE953B34-5513-4719-AEAD-A61F0585AB34}"
	ProjectSection(ProjectDependencies) = postProject
		{3AB1BB98-D491-47DB-8D93-1DAB3CE88C87} = {3AB1BB98-D491-47DB-8D93-1DAB3CE88C87}
	EndProjectSection
EndProject
Project("{8BC9CEB8-8B4A-11D0-8D11-00A0C91BC942}") = "RemotePhotoToolCmdline", "RemotePhotoToolCmdline\RemotePhotoToolCmdline.vcxproj", "{CAF7CFA3-1EF2-40A1-A08A-A7C609629C2A}"
	ProjectSection(ProjectDependencies) = postProject
		{F6F15874-951D-4B12-8136-AC27FE6E1215} = {F6F15874-951D-4B12-8136-AC27FE6E1215}
		{3AB1BB98-D491-47DB-8D93-1DAB3CE88C87} = {3AB1BB98-D491-47DB-8D93-1DAB3CE88C87}
	EndProjectSection
EndProject
Project("{8BC9CEB8-8B4A-11D0-8D11-00A0C91BC942}") = "LuaScripting", "LuaScripting\LuaScripting.vcxproj", "{41B565F7-F668-4425-A93D-6CABC18F6D1F}"
	ProjectSection(ProjectDependencies) = postProject
		{CE953B34-5513-4719-AEAD-A61F0585AB34} = {CE953B34-5513-4719-AEAD-A61F0585AB34}
	EndProjectSection
EndProject
Project("{8BC9CEB8-8B4A-11D0-8D11-00A0C91BC942}") = "Thirdparty", "Thirdparty\Thirdparty.vcxproj", "{F6F15874-951D-4B12-8136-AC27FE6E1215}"
EndProject
Project("{8BC9CEB8-8B4A-11D0-8D11-00A0C91BC942}") = "Setup", "Setup\Setup.vcxproj", "{E17A8E22-25B3-4E5E-AC27-C354B1C68CC6}"
	ProjectSection(ProjectDependencies) = postProject
		{F6F15874-951D-4B12-8136-AC27FE6E1215} = {F6F15874-951D-4B12-8136-AC27FE6E1215}
		{CAF7CFA3-1EF2-40A1-A08A-A7C609629C2A} = {CAF7CFA3-1EF2-40A1-A08A-A7C609629C2A}
		{CDEDF8B5-A808-4995-97EB-1289A84FF7ED} = {CDEDF8B5-A808-4995-97EB-1289A84FF7ED}
	EndProjectSection
EndProject
Project("{8BC9CEB8-8B4A-11D0-8D11-00A0C91BC942}") = "Base", "Base\Base.vcxproj", "{3AB1BB98-D491-47DB-8D93-1DAB3CE88C87}"
EndProject
Project("{8BC9CEB8-8B4A-11D0-8D11-00A0C91BC942}") = "Base.UnitTest", "Base\Base.UnitTest\Base.UnitTest.vcxproj", "{D3090E18-FA86-4729-AA12-F1CDEE98C067}"
	ProjectSection(ProjectDependencies) = postProject
		{3AB1BB98-D491-47DB-8D93-1DAB3CE88C87} = {3AB1BB98-D491-47DB-8D93-1DAB3CE88C87}
	EndProjectSection
EndProject
Project("{8BC9CEB8-8B4A-11D0-8D11-00A0C91BC942}") = "jpeg-9a", "Thirdparty\jpeg-9a\jpeg-9a.vcxproj", "{1A81D718-3886-4CD5-8F10-4946BF4D6355}"
EndProject
Project("{8BC9CEB8-8B4A-11D0-8D11-00A0C91BC942}") = "cppcheck", "cppcheck\cppcheck.vcxproj", "{36163BCB-F4DA-472D-A77B-73D2BC5F42AD}"
EndProject
Project("{8BC9CEB8-8B4A-11D0-8D11-00A0C91BC942}") = "doxygen", "doxygen\doxygen.vcxproj", "{10CD38AC-6B91-4905-9F9A-64645928B807}"
EndProject
Project("{8BC9CEB8-8B4A-11D0-8D11-00A0C91BC942}") = "LuaScripting.UnitTest", "LuaScripting\LuaScripting.UnitTest\LuaScripting.UnitTest.vcxproj", "{35DC1E9A-E7F1-4DEC-B7B8-FD4055292BB6}"
EndProject
Project("{8BC9CEB8-8B4A-11D0-8D11-00A0C91BC942}") = "Lua", "LuaScripting\lua-5.2.3\Lua.vcxproj", "{24EA638C-0F97-48FA-82D1-7DBA2832C1DC}"
EndProject
Project("{8BC9CEB8-8B4A-11D0-8D11-00A0C91BC942}") = "RemoteScriptingEditor", "RemoteScriptingEditor\RemoteScriptingEditor.vcxproj", "{4A6E0938-3C68-44A8-A94A-EA879801D3D5}"
EndProject
Global
	GlobalSection(SolutionConfigurationPlatforms) = preSolution
		Debug|Win32 = Debug|Win32
		Release|Win32 = Release|Win32
	EndGlobalSection
	GlobalSection(ProjectConfigurationPlatforms) = postSolution
		{CDEDF8B5-A808-4995-97EB-1289A84FF7ED}.Debug|Win32.ActiveCfg = Debug|Win32
		{CDEDF8B5-A808-4995-97EB-1289A84FF7ED}.Debug|Win32.Build.0 = Debug|Win32
		{CDEDF8B5-A808-4995-97EB-1289A84FF7ED}.Release|Win32.ActiveCfg = Release|Win32
		{CDEDF8B5-A808-4995-97EB-1289A84FF7ED}.Release|Win32.Build.0 = Release|Win32
		{CE953B34-5513-4719-AEAD-A61F0585AB34}.Debug|Win32.ActiveCfg = Debug|Win32
		{CE953B34-5513-4719-AEAD-A61F0585AB34}.Debug|Win32.Build.0 = Debug|Win32
		{CE953B34-5513-4719-AEAD-A61F0585AB34}.Release|Win32.ActiveCfg = Release|Win32
		{CE953B34-5513-4719-AEAD-A61F0585AB34}.Release|Win32.Build.0 = Release|Win32
		{CAF7CFA3-1EF2-40A1-A08A-A7C609629C2A}.Debug|Win32.ActiveCfg = Debug|Win32
		{CAF7CFA3-1EF2-40A1-A08A-A7C609629C2A}.Debug|Win32.Build.0 = Debug|Win32
		{CAF7CFA3-1EF2-40A1-A08A-A7C609629C2A}.Release|Win32.ActiveCfg = Release|Win32
		{CAF7CFA3-1EF2-40A1-A08A-A7C609629C2A}.Release|Win32.Build.0 = Release|Win32
		{41B565F7-F668-4425-A93D-6CABC18F6D1F}.Debug|Win32.ActiveCfg = Debug|Win32
		{41B565F7-F668-4425-A93D-6CABC18F6D1F}.Debug|Win32.Build.0 = Debug|Win32
		{41B565F7-F668-4425-A93D-6CABC18F6D1F}.Release|Win32.ActiveCfg = Release|Win32
		{41B565F7-F668-4425-A93D-6CABC18F6D1F}.Release|Win32.Build.0 = Release|Win32
		{F6F15874-951D-4B12-8136-AC27FE6E1215}.Debug|Win32.ActiveCfg = Debug|Win32
		{F6F15874-951D-4B12-8136-AC27FE6E1215}.Debug|Win32.Build.0 = Debug|Win32
		{F6F15874-951D-4B12-8136-AC27FE6E1215}.Release|Win32.ActiveCfg = Release|Win32
		{F6F15874-951D-4B12-8136-AC27FE6E1215}.Release|Win32.Build.0 = Release|Win32
		{E17A8E22-25B3-4E5E-AC27-C354B1C68CC6}.Debug|Win32.ActiveCfg = Debug|Win32
		{E17A8E22-25B3-4E5E-AC27-C354B1C68CC6}.Debug|Win32.Build.0 = Debug|Win32
		{E17A8E22-25B3-4E5E-AC27-C354B1C68CC6}.Release|Win32.ActiveCfg = Release|Win32
		{E17A8E22-25B3-4E5E-AC27-C354B1C68CC6}.Release|Win32.Build.0 = Release|Win32
		{3AB1BB98-D491-47DB-8D93-1DAB3CE88C87}.Debug|Win32.ActiveCfg = Debug|Win32
		{3AB1BB98-D491-47DB-8D93-1DAB3CE88C87}.Debug|Win32.Build.0 = Debug|Win32
		{3AB1BB98-D491-47DB-8D93-1DAB3CE88C87}.Release|Win32.ActiveCfg = Release|Win32
		{3AB1BB98-D491-47DB-8D93-1DAB3CE88C87}.Release|Win32.Build.0 = Release|Win32
		{D3090E18-FA86-4729-AA12-F1CDEE98C067}.Debug|Win32.ActiveCfg = Debug|Win32
		{D3090E18-FA86-4729-AA12-F1CDEE98C067}.Debug|Win32.Build.0 = Debug|Win32
		{D3090E18-FA86-4729-AA12-F1CDEE98C067}.Release|Win32.ActiveCfg = Release|Win32
		{D3090E18-FA86-4729-AA12-F1CDEE98C067}.Release|Win32.Build.0 = Release|Win32
		{1A81D718-3886-4CD5-8F10-4946BF4D6355}.Debug|Win32.ActiveCfg = Debug|Win32
		{1A81D718-3886-4CD5-8F10-4946BF4D6355}.Debug|Win32.Build.0 = Debug|Win32
		{1A81D718-3886-4CD5-8F10-4946BF4D6355}.Release|Win32.ActiveCfg = Release|Win32
		{1A81D718-3886-4CD5-8F10-4946BF4D6355}.Release|Win32.Build.0 = Release|Win32
		{36163BCB-F4DA-472D-A77B-73D2BC5F42AD}.Debug|Win32.ActiveCfg = Debug|Win32
		{36163BCB-F4DA-472D-A77B-73D2BC5F42AD}.Debug|Win32.Build.0 = Debug|Win32
		{36163BCB-F4DA-472D-A77B-73D2BC5F42AD}.Release|Win32.ActiveCfg = Release|Win32
		{36163BCB-F4DA-472D-A77B-73D2BC5F42AD}.Release|Win32.Build.0 = Release|Win32
		{10CD38AC-6B91-4905-9F9A-64645928B807}.Debug|Win32.ActiveCfg = Default|Win32
		{10CD38AC-6B91-4905-9F9A-64645928B807}.Debug|Win32.Build.0 = Default|Win32
		{10CD38AC-6B91-4905-9F9A-64645928B807}.Release|Win32.ActiveCfg = Default|Win32
		{10CD38AC-6B91-4905-9F9A-64645928B807}.Release|Win32.Build.0 = Default|Win32
		{35DC1E9A-E7F1-4DEC-B7B8-FD4055292BB6}.Debug|Win32.ActiveCfg = Debug|Win32
		{35DC1E9A-E7F1-4DEC-B7B8-FD4055292BB6}.Debug|Win32.Build.0 = Debug|Win32
		{35DC1E9A-E7F1-4DEC-B7B8-FD4055292BB6}.Release|Win32.ActiveCfg = Release|Win32
		{35DC1E9A-E7F1-4DEC-B7B8-FD4055292BB6}.Release|Win32.Build.0 = Release|Win32
		{24EA638C-0F97-48FA-82D1-7DBA2832C1DC}.Debug|Win32.ActiveCfg = Debug|Win32
		{24EA638C-0F97-48FA-82D1-7DBA2832C1DC}.Debug|Win32.Build.0 = Debug|Win32
		{24EA638C-0F97-48FA-82D1-7DBA2832C1DC}.Release|Win32.ActiveCfg = Release|Win32
		{24EA638C-0F97-48FA-82D1-7DBA2832C1DC}.Release|Win32.Build.0 = Release|Win32
		{4A6E0938-3C68-44A8-A94A-EA879801D3D5}.Debug|Win32.ActiveCfg = Debug|Win32
		{4A6E0938-3C68-44A8-A94A-EA879801D3D5}.Debug|Win32.Build.0 = Debug|Win32
		{4A6E0938-3C68-44A8-A94A-EA879801D3D5}.Release|Win32.ActiveCfg = Release|Win32
		{4A6E0938-3C68-44A8-A94A-EA879801D3D5}.Release|Win32.Build.0 = Release|Win32
	EndGlobalSection
	GlobalSection(SolutionProperties) = preSolution
		HideSolutionNode = FALSE
	EndGlobalSection
EndGlobal
