
Microsoft Visual Studio Solution File, Format Version 12.00
# Visual Studio Version 16
VisualStudioVersion = 16.0.29926.136
MinimumVisualStudioVersion = 10.0.40219.1
Project("{8BC9CEB8-8B4A-11D0-8D11-00A0C91BC942}") = "RemotePhotoTool", "RemotePhotoTool\RemotePhotoTool.vcxproj", "{CDEDF8B5-A808-4995-97EB-1289A84FF7ED}"
	ProjectSection(ProjectDependencies) = postProject
		{F6F15874-951D-4B12-8136-AC27FE6E1215} = {F6F15874-951D-4B12-8136-AC27FE6E1215}
		{3AB1BB98-D491-47DB-8D93-1DAB3CE88C87} = {3AB1BB98-D491-47DB-8D93-1DAB3CE88C87}
	EndProjectSection
EndProject
Project("{8BC9CEB8-8B4A-11D0-8D11-00A0C91BC942}") = "CameraControl", "CameraControl\CameraControl.vcxproj", "{CE953B34-5513-4719-AEAD-A61F0585AB34}"
	ProjectSection(ProjectDependencies) = postProject
		{3AB1BB98-D491-47DB-8D93-1DAB3CE88C87} = {3AB1BB98-D491-47DB-8D93-1DAB3CE88C87}
	EndProjectSection
EndProject
Project("{8BC9CEB8-8B4A-11D0-8D11-00A0C91BC942}") = "RemotePhotoToolCmdline", "RemotePhotoToolCmdline\RemotePhotoToolCmdline.vcxproj", "{CAF7CFA3-1EF2-40A1-A08A-A7C609629C2A}"
	ProjectSection(ProjectDependencies) = postProject
		{F6F15874-951D-4B12-8136-AC27FE6E1215} = {F6F15874-951D-4B12-8136-AC27FE6E1215}
		{3AB1BB98-D491-47DB-8D93-1DAB3CE88C87} = {3AB1BB98-D491-47DB-8D93-1DAB3CE88C87}
	EndProjectSection
EndProject
Project("{8BC9CEB8-8B4A-11D0-8D11-00A0C91BC942}") = "LuaScripting", "LuaScripting\LuaScripting.vcxproj", "{41B565F7-F668-4425-A93D-6CABC18F6D1F}"
	ProjectSection(ProjectDependencies) = postProject
		{CE953B34-5513-4719-AEAD-A61F0585AB34} = {CE953B34-5513-4719-AEAD-A61F0585AB34}
	EndProjectSection
EndProject
Project("{8BC9CEB8-8B4A-11D0-8D11-00A0C91BC942}") = "Thirdparty", "Thirdparty\Thirdparty.vcxproj", "{F6F15874-951D-4B12-8136-AC27FE6E1215}"
EndProject
Project("{8BC9CEB8-8B4A-11D0-8D11-00A0C91BC942}") = "Base", "Base\Base.vcxproj", "{3AB1BB98-D491-47DB-8D93-1DAB3CE88C87}"
EndProject
Project("{8BC9CEB8-8B4A-11D0-8D11-00A0C91BC942}") = "jpeg-9d", "Thirdparty\jpeg-9d\jpeg-9d.vcxproj", "{1A81D718-3886-4CD5-8F10-4946BF4D6355}"
EndProject
Project("{8BC9CEB8-8B4A-11D0-8D11-00A0C91BC942}") = "cppcheck", "cppcheck\cppcheck.vcxproj", "{36163BCB-F4DA-472D-A77B-73D2BC5F42AD}"
EndProject
Project("{8BC9CEB8-8B4A-11D0-8D11-00A0C91BC942}") = "doxygen", "doxygen\doxygen.vcxproj", "{10CD38AC-6B91-4905-9F9A-64645928B807}"
EndProject
Project("{8BC9CEB8-8B4A-11D0-8D11-00A0C91BC942}") = "LuaScripting.UnitTest", "LuaScripting\LuaScripting.UnitTest\LuaScripting.UnitTest.vcxproj", "{35DC1E9A-E7F1-4DEC-B7B8-FD4055292BB6}"
EndProject
Project("{8BC9CEB8-8B4A-11D0-8D11-00A0C91BC942}") = "Lua", "LuaScripting\lua-5.3.5\Lua.vcxproj", "{24EA638C-0F97-48FA-82D1-7DBA2832C1DC}"
EndProject
Project("{8BC9CEB8-8B4A-11D0-8D11-00A0C91BC942}") = "RemoteScriptingEditor", "RemoteScriptingEditor\RemoteScriptingEditor.vcxproj", "{4A6E0938-3C68-44A8-A94A-EA879801D3D5}"
	ProjectSection(ProjectDependencies) = postProject
		{F6F15874-951D-4B12-8136-AC27FE6E1215} = {F6F15874-951D-4B12-8136-AC27FE6E1215}
	EndProjectSection
EndProject
Project("{2150E333-8FDC-42A3-9474-1A3956D46DE8}") = "Documentation Files", "Documentation Files", "{813AC1E1-EB65-4B6A-873F-582CBB589FBD}"
	ProjectSection(SolutionItems) = preProject
		..\Changelog.md = ..\Changelog.md
		..\Credits.md = ..\Credits.md
		..\Features.md = ..\Features.md
		..\License.md = ..\License.md
		..\LuaScripting.md = ..\LuaScripting.md
		..\README.md = ..\README.md
		..\Screenshots.md = ..\Screenshots.md
		..\Sourcecode.md = ..\Sourcecode.md
		..\SupportedCameras.md = ..\SupportedCameras.md
		..\TestCases.md = ..\TestCases.md
		..\TODO.txt = ..\TODO.txt
	EndProjectSection
EndProject
Project("{8BC9CEB8-8B4A-11D0-8D11-00A0C91BC942}") = "libexif", "Thirdparty\libexif-0.6.21\libexif.vcxproj", "{A088917A-79EC-4CAE-AF42-6F358A4B6C59}"
EndProject
Project("{2150E333-8FDC-42A3-9474-1A3956D46DE8}") = "Unit Tests", "Unit Tests", "{9E084F49-B1D4-41E3-8E10-B49AF6F71E4E}"
EndProject
Project("{2150E333-8FDC-42A3-9474-1A3956D46DE8}") = "External Libraries", "External Libraries", "{565C5542-653F-484A-A49A-BD0FE203EE67}"
EndProject
Project("{2150E333-8FDC-42A3-9474-1A3956D46DE8}") = "Library Projects", "Library Projects", "{0ED83E22-FDDB-4917-8B66-8082B7641FDF}"
EndProject
Project("{2150E333-8FDC-42A3-9474-1A3956D46DE8}") = "Helper Projects", "Helper Projects", "{5BF32C67-140D-4118-B2FC-8A83AE1ECF2E}"
EndProject
Project("{2150E333-8FDC-42A3-9474-1A3956D46DE8}") = "Main Application Projects", "Main Application Projects", "{82A43ECD-CEA0-4720-922D-9208C5310730}"
EndProject
Project("{930C7802-8A8C-48F9-8165-68863BCCD9DD}") = "Setup", "Setup\Setup.wixproj", "{442EE287-DD84-4CEC-9607-535A63B001EF}"
	ProjectSection(ProjectDependencies) = postProject
		{4A6E0938-3C68-44A8-A94A-EA879801D3D5} = {4A6E0938-3C68-44A8-A94A-EA879801D3D5}
		{C1CB4553-07D9-4CF2-90CC-0BB23584AD00} = {C1CB4553-07D9-4CF2-90CC-0BB23584AD00}
		{A088917A-79EC-4CAE-AF42-6F358A4B6C59} = {A088917A-79EC-4CAE-AF42-6F358A4B6C59}
		{CAF7CFA3-1EF2-40A1-A08A-A7C609629C2A} = {CAF7CFA3-1EF2-40A1-A08A-A7C609629C2A}
		{CDEDF8B5-A808-4995-97EB-1289A84FF7ED} = {CDEDF8B5-A808-4995-97EB-1289A84FF7ED}
	EndProjectSection
EndProject
Project("{2150E333-8FDC-42A3-9474-1A3956D46DE8}") = "Lua Scripts", "Lua Scripts", "{40D84258-C4A0-4307-96EC-F42158A06AF8}"
	ProjectSection(SolutionItems) = preProject
		..\scripts\BulbShutterRelease.lua = ..\scripts\BulbShutterRelease.lua
		..\scripts\ListenEvents.lua = ..\scripts\ListenEvents.lua
		..\scripts\LuaQuickReference.lua = ..\scripts\LuaQuickReference.lua
		..\scripts\Multithreaded.lua = ..\scripts\Multithreaded.lua
		..\scripts\PrintProperties.lua = ..\scripts\PrintProperties.lua
		..\scripts\RemotePhotoTool.lua = ..\scripts\RemotePhotoTool.lua
		..\scripts\TakeImage.lua = ..\scripts\TakeImage.lua
		..\scripts\Viewfinder.lua = ..\scripts\Viewfinder.lua
		..\scripts\WaitForCamera.lua = ..\scripts\WaitForCamera.lua
	EndProjectSection
EndProject
Project("{8BC9CEB8-8B4A-11D0-8D11-00A0C91BC942}") = "MoveScriptGenerator", "MoveScriptGenerator\MoveScriptGenerator.vcxproj", "{D1756F69-5398-4CC3-978E-25A5F59BDD7F}"
EndProject
Project("{8BC9CEB8-8B4A-11D0-8D11-00A0C91BC942}") = "Logic", "Logic\Logic.vcxproj", "{40627961-FC2D-4F09-8E74-073A0279A98A}"
EndProject
Project("{8BC9CEB8-8B4A-11D0-8D11-00A0C91BC942}") = "Logic.UnitTest", "Logic\Logic.UnitTest\Logic.UnitTest.vcxproj", "{051C359A-AE9E-44D6-9F67-1DF7E51E0778}"
EndProject
Project("{8BC9CEB8-8B4A-11D0-8D11-00A0C91BC942}") = "CanonEOSShutterCount", "CanonEOSShutterCount\CanonEOSShutterCount.vcxproj", "{C1CB4553-07D9-4CF2-90CC-0BB23584AD00}"
EndProject
Project("{8BC9CEB8-8B4A-11D0-8D11-00A0C91BC942}") = "RemotePhotoTool.CameraControl", "RemotePhotoTool.CameraControl\RemotePhotoTool.CameraControl.vcxproj", "{A8EAA77D-1747-4E3F-987C-EEC2308C6D26}"
	ProjectSection(ProjectDependencies) = postProject
		{F6F15874-951D-4B12-8136-AC27FE6E1215} = {F6F15874-951D-4B12-8136-AC27FE6E1215}
	EndProjectSection
EndProject
Project("{FAE04EC0-301F-11D3-BF4B-00C04F79EFBC}") = "WpfDotNetCameraControl", "WpfDotNetCameraControl\WpfDotNetCameraControl.csproj", "{ED6E5CE5-526C-4F2E-BDAF-DCE758F32F3F}"
EndProject
Project("{8BC9CEB8-8B4A-11D0-8D11-00A0C91BC942}") = "Location", "Location\Location.vcxproj", "{431ED9A1-2DC8-4C10-9C6B-E2D9A6103EFD}"
EndProject
Project("{8BC9CEB8-8B4A-11D0-8D11-00A0C91BC942}") = "Location.UnitTest", "Location\Location.UnitTest\Location.UnitTest.vcxproj", "{16BE2561-A996-4A56-AC6D-C69FCDE29075}"
EndProject
Project("{8BC9CEB8-8B4A-11D0-8D11-00A0C91BC942}") = "GeoTagTool", "GeoTagTool\GeoTagTool.vcxproj", "{16415658-BB35-4BED-8D18-0E1BD0958745}"
EndProject
Global
	GlobalSection(SolutionConfigurationPlatforms) = preSolution
		Debug|Win32 = Debug|Win32
		Release|Win32 = Release|Win32
		SonarCloud|Win32 = SonarCloud|Win32
	EndGlobalSection
	GlobalSection(ProjectConfigurationPlatforms) = postSolution
		{CDEDF8B5-A808-4995-97EB-1289A84FF7ED}.Debug|Win32.ActiveCfg = Debug|Win32
		{CDEDF8B5-A808-4995-97EB-1289A84FF7ED}.Debug|Win32.Build.0 = Debug|Win32
		{CDEDF8B5-A808-4995-97EB-1289A84FF7ED}.Release|Win32.ActiveCfg = Release|Win32
		{CDEDF8B5-A808-4995-97EB-1289A84FF7ED}.Release|Win32.Build.0 = Release|Win32
		{CDEDF8B5-A808-4995-97EB-1289A84FF7ED}.SonarCloud|Win32.ActiveCfg = Release|Win32
		{CDEDF8B5-A808-4995-97EB-1289A84FF7ED}.SonarCloud|Win32.Build.0 = Release|Win32
		{CE953B34-5513-4719-AEAD-A61F0585AB34}.Debug|Win32.ActiveCfg = Debug|Win32
		{CE953B34-5513-4719-AEAD-A61F0585AB34}.Debug|Win32.Build.0 = Debug|Win32
		{CE953B34-5513-4719-AEAD-A61F0585AB34}.Release|Win32.ActiveCfg = Release|Win32
		{CE953B34-5513-4719-AEAD-A61F0585AB34}.Release|Win32.Build.0 = Release|Win32
		{CE953B34-5513-4719-AEAD-A61F0585AB34}.SonarCloud|Win32.ActiveCfg = Release|Win32
		{CE953B34-5513-4719-AEAD-A61F0585AB34}.SonarCloud|Win32.Build.0 = Release|Win32
		{CAF7CFA3-1EF2-40A1-A08A-A7C609629C2A}.Debug|Win32.ActiveCfg = Debug|Win32
		{CAF7CFA3-1EF2-40A1-A08A-A7C609629C2A}.Debug|Win32.Build.0 = Debug|Win32
		{CAF7CFA3-1EF2-40A1-A08A-A7C609629C2A}.Release|Win32.ActiveCfg = Release|Win32
		{CAF7CFA3-1EF2-40A1-A08A-A7C609629C2A}.Release|Win32.Build.0 = Release|Win32
		{CAF7CFA3-1EF2-40A1-A08A-A7C609629C2A}.SonarCloud|Win32.ActiveCfg = Release|Win32
		{CAF7CFA3-1EF2-40A1-A08A-A7C609629C2A}.SonarCloud|Win32.Build.0 = Release|Win32
		{41B565F7-F668-4425-A93D-6CABC18F6D1F}.Debug|Win32.ActiveCfg = Debug|Win32
		{41B565F7-F668-4425-A93D-6CABC18F6D1F}.Debug|Win32.Build.0 = Debug|Win32
		{41B565F7-F668-4425-A93D-6CABC18F6D1F}.Release|Win32.ActiveCfg = Release|Win32
		{41B565F7-F668-4425-A93D-6CABC18F6D1F}.Release|Win32.Build.0 = Release|Win32
		{41B565F7-F668-4425-A93D-6CABC18F6D1F}.SonarCloud|Win32.ActiveCfg = Release|Win32
		{41B565F7-F668-4425-A93D-6CABC18F6D1F}.SonarCloud|Win32.Build.0 = Release|Win32
		{F6F15874-951D-4B12-8136-AC27FE6E1215}.Debug|Win32.ActiveCfg = Debug|Win32
		{F6F15874-951D-4B12-8136-AC27FE6E1215}.Debug|Win32.Build.0 = Debug|Win32
		{F6F15874-951D-4B12-8136-AC27FE6E1215}.Release|Win32.ActiveCfg = Release|Win32
		{F6F15874-951D-4B12-8136-AC27FE6E1215}.Release|Win32.Build.0 = Release|Win32
		{F6F15874-951D-4B12-8136-AC27FE6E1215}.SonarCloud|Win32.ActiveCfg = Release|Win32
		{F6F15874-951D-4B12-8136-AC27FE6E1215}.SonarCloud|Win32.Build.0 = Release|Win32
		{3AB1BB98-D491-47DB-8D93-1DAB3CE88C87}.Debug|Win32.ActiveCfg = Debug|Win32
		{3AB1BB98-D491-47DB-8D93-1DAB3CE88C87}.Debug|Win32.Build.0 = Debug|Win32
		{3AB1BB98-D491-47DB-8D93-1DAB3CE88C87}.Release|Win32.ActiveCfg = Release|Win32
		{3AB1BB98-D491-47DB-8D93-1DAB3CE88C87}.Release|Win32.Build.0 = Release|Win32
		{3AB1BB98-D491-47DB-8D93-1DAB3CE88C87}.SonarCloud|Win32.ActiveCfg = Release|Win32
		{3AB1BB98-D491-47DB-8D93-1DAB3CE88C87}.SonarCloud|Win32.Build.0 = Release|Win32
		{1A81D718-3886-4CD5-8F10-4946BF4D6355}.Debug|Win32.ActiveCfg = Debug|Win32
		{1A81D718-3886-4CD5-8F10-4946BF4D6355}.Debug|Win32.Build.0 = Debug|Win32
		{1A81D718-3886-4CD5-8F10-4946BF4D6355}.Release|Win32.ActiveCfg = Release|Win32
		{1A81D718-3886-4CD5-8F10-4946BF4D6355}.Release|Win32.Build.0 = Release|Win32
		{1A81D718-3886-4CD5-8F10-4946BF4D6355}.SonarCloud|Win32.ActiveCfg = Release|Win32
		{1A81D718-3886-4CD5-8F10-4946BF4D6355}.SonarCloud|Win32.Build.0 = Release|Win32
		{36163BCB-F4DA-472D-A77B-73D2BC5F42AD}.Debug|Win32.ActiveCfg = Debug|Win32
		{36163BCB-F4DA-472D-A77B-73D2BC5F42AD}.Debug|Win32.Build.0 = Debug|Win32
		{36163BCB-F4DA-472D-A77B-73D2BC5F42AD}.Release|Win32.ActiveCfg = Release|Win32
		{36163BCB-F4DA-472D-A77B-73D2BC5F42AD}.Release|Win32.Build.0 = Release|Win32
		{36163BCB-F4DA-472D-A77B-73D2BC5F42AD}.SonarCloud|Win32.ActiveCfg = Release|Win32
		{10CD38AC-6B91-4905-9F9A-64645928B807}.Debug|Win32.ActiveCfg = Debug|Win32
		{10CD38AC-6B91-4905-9F9A-64645928B807}.Debug|Win32.Build.0 = Debug|Win32
		{10CD38AC-6B91-4905-9F9A-64645928B807}.Release|Win32.ActiveCfg = Release|Win32
		{10CD38AC-6B91-4905-9F9A-64645928B807}.Release|Win32.Build.0 = Release|Win32
		{10CD38AC-6B91-4905-9F9A-64645928B807}.SonarCloud|Win32.ActiveCfg = Release|Win32
		{35DC1E9A-E7F1-4DEC-B7B8-FD4055292BB6}.Debug|Win32.ActiveCfg = Debug|Win32
		{35DC1E9A-E7F1-4DEC-B7B8-FD4055292BB6}.Debug|Win32.Build.0 = Debug|Win32
		{35DC1E9A-E7F1-4DEC-B7B8-FD4055292BB6}.Release|Win32.ActiveCfg = Release|Win32
		{35DC1E9A-E7F1-4DEC-B7B8-FD4055292BB6}.Release|Win32.Build.0 = Release|Win32
		{35DC1E9A-E7F1-4DEC-B7B8-FD4055292BB6}.SonarCloud|Win32.ActiveCfg = Release|Win32
		{35DC1E9A-E7F1-4DEC-B7B8-FD4055292BB6}.SonarCloud|Win32.Build.0 = Release|Win32
		{24EA638C-0F97-48FA-82D1-7DBA2832C1DC}.Debug|Win32.ActiveCfg = Debug|Win32
		{24EA638C-0F97-48FA-82D1-7DBA2832C1DC}.Debug|Win32.Build.0 = Debug|Win32
		{24EA638C-0F97-48FA-82D1-7DBA2832C1DC}.Release|Win32.ActiveCfg = Release|Win32
		{24EA638C-0F97-48FA-82D1-7DBA2832C1DC}.Release|Win32.Build.0 = Release|Win32
		{24EA638C-0F97-48FA-82D1-7DBA2832C1DC}.SonarCloud|Win32.ActiveCfg = Release|Win32
		{24EA638C-0F97-48FA-82D1-7DBA2832C1DC}.SonarCloud|Win32.Build.0 = Release|Win32
		{4A6E0938-3C68-44A8-A94A-EA879801D3D5}.Debug|Win32.ActiveCfg = Debug|Win32
		{4A6E0938-3C68-44A8-A94A-EA879801D3D5}.Debug|Win32.Build.0 = Debug|Win32
		{4A6E0938-3C68-44A8-A94A-EA879801D3D5}.Release|Win32.ActiveCfg = Release|Win32
		{4A6E0938-3C68-44A8-A94A-EA879801D3D5}.Release|Win32.Build.0 = Release|Win32
		{4A6E0938-3C68-44A8-A94A-EA879801D3D5}.SonarCloud|Win32.ActiveCfg = Release|Win32
		{4A6E0938-3C68-44A8-A94A-EA879801D3D5}.SonarCloud|Win32.Build.0 = Release|Win32
		{A088917A-79EC-4CAE-AF42-6F358A4B6C59}.Debug|Win32.ActiveCfg = Debug|Win32
		{A088917A-79EC-4CAE-AF42-6F358A4B6C59}.Debug|Win32.Build.0 = Debug|Win32
		{A088917A-79EC-4CAE-AF42-6F358A4B6C59}.Release|Win32.ActiveCfg = Release|Win32
		{A088917A-79EC-4CAE-AF42-6F358A4B6C59}.Release|Win32.Build.0 = Release|Win32
		{A088917A-79EC-4CAE-AF42-6F358A4B6C59}.SonarCloud|Win32.ActiveCfg = Release|Win32
		{A088917A-79EC-4CAE-AF42-6F358A4B6C59}.SonarCloud|Win32.Build.0 = Release|Win32
		{442EE287-DD84-4CEC-9607-535A63B001EF}.Debug|Win32.ActiveCfg = Debug|x86
		{442EE287-DD84-4CEC-9607-535A63B001EF}.Debug|Win32.Build.0 = Debug|x86
		{442EE287-DD84-4CEC-9607-535A63B001EF}.Release|Win32.ActiveCfg = Release|x86
		{442EE287-DD84-4CEC-9607-535A63B001EF}.Release|Win32.Build.0 = Release|x86
		{442EE287-DD84-4CEC-9607-535A63B001EF}.SonarCloud|Win32.ActiveCfg = Release|x86
		{D1756F69-5398-4CC3-978E-25A5F59BDD7F}.Debug|Win32.ActiveCfg = Debug|Win32
		{D1756F69-5398-4CC3-978E-25A5F59BDD7F}.Debug|Win32.Build.0 = Debug|Win32
		{D1756F69-5398-4CC3-978E-25A5F59BDD7F}.Release|Win32.ActiveCfg = Release|Win32
		{D1756F69-5398-4CC3-978E-25A5F59BDD7F}.Release|Win32.Build.0 = Release|Win32
		{D1756F69-5398-4CC3-978E-25A5F59BDD7F}.SonarCloud|Win32.ActiveCfg = Release|Win32
		{D1756F69-5398-4CC3-978E-25A5F59BDD7F}.SonarCloud|Win32.Build.0 = Release|Win32
		{40627961-FC2D-4F09-8E74-073A0279A98A}.Debug|Win32.ActiveCfg = Debug|Win32
		{40627961-FC2D-4F09-8E74-073A0279A98A}.Debug|Win32.Build.0 = Debug|Win32
		{40627961-FC2D-4F09-8E74-073A0279A98A}.Release|Win32.ActiveCfg = Release|Win32
		{40627961-FC2D-4F09-8E74-073A0279A98A}.Release|Win32.Build.0 = Release|Win32
		{40627961-FC2D-4F09-8E74-073A0279A98A}.SonarCloud|Win32.ActiveCfg = Release|Win32
		{40627961-FC2D-4F09-8E74-073A0279A98A}.SonarCloud|Win32.Build.0 = Release|Win32
		{051C359A-AE9E-44D6-9F67-1DF7E51E0778}.Debug|Win32.ActiveCfg = Debug|Win32
		{051C359A-AE9E-44D6-9F67-1DF7E51E0778}.Debug|Win32.Build.0 = Debug|Win32
		{051C359A-AE9E-44D6-9F67-1DF7E51E0778}.Release|Win32.ActiveCfg = Release|Win32
		{051C359A-AE9E-44D6-9F67-1DF7E51E0778}.Release|Win32.Build.0 = Release|Win32
		{051C359A-AE9E-44D6-9F67-1DF7E51E0778}.SonarCloud|Win32.ActiveCfg = Release|Win32
		{051C359A-AE9E-44D6-9F67-1DF7E51E0778}.SonarCloud|Win32.Build.0 = Release|Win32
		{C1CB4553-07D9-4CF2-90CC-0BB23584AD00}.Debug|Win32.ActiveCfg = Debug|Win32
		{C1CB4553-07D9-4CF2-90CC-0BB23584AD00}.Debug|Win32.Build.0 = Debug|Win32
		{C1CB4553-07D9-4CF2-90CC-0BB23584AD00}.Release|Win32.ActiveCfg = Release|Win32
		{C1CB4553-07D9-4CF2-90CC-0BB23584AD00}.Release|Win32.Build.0 = Release|Win32
		{C1CB4553-07D9-4CF2-90CC-0BB23584AD00}.SonarCloud|Win32.ActiveCfg = Release|Win32
		{C1CB4553-07D9-4CF2-90CC-0BB23584AD00}.SonarCloud|Win32.Build.0 = Release|Win32
		{A8EAA77D-1747-4E3F-987C-EEC2308C6D26}.Debug|Win32.ActiveCfg = Debug|Win32
		{A8EAA77D-1747-4E3F-987C-EEC2308C6D26}.Debug|Win32.Build.0 = Debug|Win32
		{A8EAA77D-1747-4E3F-987C-EEC2308C6D26}.Release|Win32.ActiveCfg = Release|Win32
		{A8EAA77D-1747-4E3F-987C-EEC2308C6D26}.Release|Win32.Build.0 = Release|Win32
		{A8EAA77D-1747-4E3F-987C-EEC2308C6D26}.SonarCloud|Win32.ActiveCfg = Release|Win32
		{A8EAA77D-1747-4E3F-987C-EEC2308C6D26}.SonarCloud|Win32.Build.0 = Release|Win32
		{ED6E5CE5-526C-4F2E-BDAF-DCE758F32F3F}.Debug|Win32.ActiveCfg = Debug|Any CPU
		{ED6E5CE5-526C-4F2E-BDAF-DCE758F32F3F}.Debug|Win32.Build.0 = Debug|Any CPU
		{ED6E5CE5-526C-4F2E-BDAF-DCE758F32F3F}.Release|Win32.ActiveCfg = Release|Any CPU
		{ED6E5CE5-526C-4F2E-BDAF-DCE758F32F3F}.Release|Win32.Build.0 = Release|Any CPU
		{ED6E5CE5-526C-4F2E-BDAF-DCE758F32F3F}.SonarCloud|Win32.ActiveCfg = Release|Any CPU
		{ED6E5CE5-526C-4F2E-BDAF-DCE758F32F3F}.SonarCloud|Win32.Build.0 = Release|Any CPU
		{431ED9A1-2DC8-4C10-9C6B-E2D9A6103EFD}.Debug|Win32.ActiveCfg = Debug|Win32
		{431ED9A1-2DC8-4C10-9C6B-E2D9A6103EFD}.Debug|Win32.Build.0 = Debug|Win32
		{431ED9A1-2DC8-4C10-9C6B-E2D9A6103EFD}.Release|Win32.ActiveCfg = Release|Win32
		{431ED9A1-2DC8-4C10-9C6B-E2D9A6103EFD}.Release|Win32.Build.0 = Release|Win32
		{431ED9A1-2DC8-4C10-9C6B-E2D9A6103EFD}.SonarCloud|Win32.ActiveCfg = Release|Win32
		{431ED9A1-2DC8-4C10-9C6B-E2D9A6103EFD}.SonarCloud|Win32.Build.0 = Release|Win32
		{16BE2561-A996-4A56-AC6D-C69FCDE29075}.Debug|Win32.ActiveCfg = Debug|Win32
		{16BE2561-A996-4A56-AC6D-C69FCDE29075}.Debug|Win32.Build.0 = Debug|Win32
		{16BE2561-A996-4A56-AC6D-C69FCDE29075}.Release|Win32.ActiveCfg = Release|Win32
		{16BE2561-A996-4A56-AC6D-C69FCDE29075}.Release|Win32.Build.0 = Release|Win32
		{16BE2561-A996-4A56-AC6D-C69FCDE29075}.SonarCloud|Win32.ActiveCfg = Release|Win32
		{16BE2561-A996-4A56-AC6D-C69FCDE29075}.SonarCloud|Win32.Build.0 = Release|Win32
		{16415658-BB35-4BED-8D18-0E1BD0958745}.Debug|Win32.ActiveCfg = Debug|Win32
		{16415658-BB35-4BED-8D18-0E1BD0958745}.Debug|Win32.Build.0 = Debug|Win32
		{16415658-BB35-4BED-8D18-0E1BD0958745}.Release|Win32.ActiveCfg = Release|Win32
		{16415658-BB35-4BED-8D18-0E1BD0958745}.Release|Win32.Build.0 = Release|Win32
		{16415658-BB35-4BED-8D18-0E1BD0958745}.SonarCloud|Win32.ActiveCfg = Release|Win32
		{16415658-BB35-4BED-8D18-0E1BD0958745}.SonarCloud|Win32.Build.0 = Release|Win32
	EndGlobalSection
	GlobalSection(SolutionProperties) = preSolution
		HideSolutionNode = FALSE
	EndGlobalSection
	GlobalSection(NestedProjects) = preSolution
		{CDEDF8B5-A808-4995-97EB-1289A84FF7ED} = {82A43ECD-CEA0-4720-922D-9208C5310730}
		{CE953B34-5513-4719-AEAD-A61F0585AB34} = {0ED83E22-FDDB-4917-8B66-8082B7641FDF}
		{CAF7CFA3-1EF2-40A1-A08A-A7C609629C2A} = {82A43ECD-CEA0-4720-922D-9208C5310730}
		{41B565F7-F668-4425-A93D-6CABC18F6D1F} = {0ED83E22-FDDB-4917-8B66-8082B7641FDF}
		{F6F15874-951D-4B12-8136-AC27FE6E1215} = {5BF32C67-140D-4118-B2FC-8A83AE1ECF2E}
		{3AB1BB98-D491-47DB-8D93-1DAB3CE88C87} = {0ED83E22-FDDB-4917-8B66-8082B7641FDF}
		{1A81D718-3886-4CD5-8F10-4946BF4D6355} = {565C5542-653F-484A-A49A-BD0FE203EE67}
		{36163BCB-F4DA-472D-A77B-73D2BC5F42AD} = {5BF32C67-140D-4118-B2FC-8A83AE1ECF2E}
		{10CD38AC-6B91-4905-9F9A-64645928B807} = {5BF32C67-140D-4118-B2FC-8A83AE1ECF2E}
		{35DC1E9A-E7F1-4DEC-B7B8-FD4055292BB6} = {9E084F49-B1D4-41E3-8E10-B49AF6F71E4E}
		{24EA638C-0F97-48FA-82D1-7DBA2832C1DC} = {565C5542-653F-484A-A49A-BD0FE203EE67}
		{4A6E0938-3C68-44A8-A94A-EA879801D3D5} = {82A43ECD-CEA0-4720-922D-9208C5310730}
		{A088917A-79EC-4CAE-AF42-6F358A4B6C59} = {565C5542-653F-484A-A49A-BD0FE203EE67}
		{442EE287-DD84-4CEC-9607-535A63B001EF} = {5BF32C67-140D-4118-B2FC-8A83AE1ECF2E}
		{40D84258-C4A0-4307-96EC-F42158A06AF8} = {813AC1E1-EB65-4B6A-873F-582CBB589FBD}
		{D1756F69-5398-4CC3-978E-25A5F59BDD7F} = {82A43ECD-CEA0-4720-922D-9208C5310730}
		{40627961-FC2D-4F09-8E74-073A0279A98A} = {0ED83E22-FDDB-4917-8B66-8082B7641FDF}
		{051C359A-AE9E-44D6-9F67-1DF7E51E0778} = {9E084F49-B1D4-41E3-8E10-B49AF6F71E4E}
		{C1CB4553-07D9-4CF2-90CC-0BB23584AD00} = {82A43ECD-CEA0-4720-922D-9208C5310730}
		{A8EAA77D-1747-4E3F-987C-EEC2308C6D26} = {0ED83E22-FDDB-4917-8B66-8082B7641FDF}
		{ED6E5CE5-526C-4F2E-BDAF-DCE758F32F3F} = {82A43ECD-CEA0-4720-922D-9208C5310730}
		{431ED9A1-2DC8-4C10-9C6B-E2D9A6103EFD} = {0ED83E22-FDDB-4917-8B66-8082B7641FDF}
		{16BE2561-A996-4A56-AC6D-C69FCDE29075} = {9E084F49-B1D4-41E3-8E10-B49AF6F71E4E}
		{16415658-BB35-4BED-8D18-0E1BD0958745} = {82A43ECD-CEA0-4720-922D-9208C5310730}
	EndGlobalSection
	GlobalSection(ExtensibilityGlobals) = postSolution
		SolutionGuid = {121BFA7B-29E4-4BFB-B071-E51A5FA3D0A2}
	EndGlobalSection
EndGlobal
